// !$*UTF8*$!
{
	archiveVersion = 1;
	classes = {
	};
	objectVersion = 46;
	objects = {

/* Begin PBXBuildFile section */
		9D08E2D81C4030B30045388A /* BasicDescription.storyboard in Resources */ = {isa = PBXBuildFile; fileRef = 9D08E2D71C4030B30045388A /* BasicDescription.storyboard */; };
		9D08E2DA1C4031050045388A /* BasicDescriptionViewController.swift in Sources */ = {isa = PBXBuildFile; fileRef = 9D08E2D91C4031050045388A /* BasicDescriptionViewController.swift */; };
		9D0CDD4D1D557F6C004EB3FB /* PeereeExtensions.swift in Sources */ = {isa = PBXBuildFile; fileRef = 9D0CDD4C1D557F6C004EB3FB /* PeereeExtensions.swift */; };
		9D0EA9F31E44DB9000C71312 /* GenericFunctions.swift in Sources */ = {isa = PBXBuildFile; fileRef = 9D0EA9F21E44DB9000C71312 /* GenericFunctions.swift */; };
		9D1AF3CF204AA2CF00B616AF /* Localizable.strings in Resources */ = {isa = PBXBuildFile; fileRef = 9D1AF3D1204AA2CF00B616AF /* Localizable.strings */; };
		9D2923251B91D05F00B5B622 /* FirstLaunchViewController.swift in Sources */ = {isa = PBXBuildFile; fileRef = 9D2923241B91D05F00B5B622 /* FirstLaunchViewController.swift */; };
		9D2923271B91E50B00B5B622 /* SetupViewController.swift in Sources */ = {isa = PBXBuildFile; fileRef = 9D2923261B91E50B00B5B622 /* SetupViewController.swift */; };
		9D2E7F2E1D02120700D5D957 /* PortraitImagePickerController.swift in Sources */ = {isa = PBXBuildFile; fileRef = 9D2E7F2D1D02120700D5D957 /* PortraitImagePickerController.swift */; };
		9D33E8F01D418839001CECAB /* FirstLaunch.storyboard in Resources */ = {isa = PBXBuildFile; fileRef = 9D33E8F21D418839001CECAB /* FirstLaunch.storyboard */; };
		9D400E621EBA2B9C0006480A /* AccountController.swift in Sources */ = {isa = PBXBuildFile; fileRef = 9D400E611EBA2B9C0006480A /* AccountController.swift */; };
		9D4D70A71DBA70C90065D23D /* LaunchScreen.storyboard in Resources */ = {isa = PBXBuildFile; fileRef = 9D4D70A61DBA70C90065D23D /* LaunchScreen.storyboard */; };
		9D5E806F1D8EF94C0039BB98 /* PinMatchViewController.swift in Sources */ = {isa = PBXBuildFile; fileRef = 9D5E806E1D8EF94C0039BB98 /* PinMatchViewController.swift */; };
		9D6F7B941BC82AD5007CD234 /* RootView.swift in Sources */ = {isa = PBXBuildFile; fileRef = 9D6F7B931BC82AD5007CD234 /* RootView.swift */; };
		9D830FC71E59AD17001BF4D9 /* PeereeExtensionsiOS.swift in Sources */ = {isa = PBXBuildFile; fileRef = 9D830FC61E59AD17001BF4D9 /* PeereeExtensionsiOS.swift */; };
		9D883A4A1C26B5A200702F9A /* GenericFunctionsiOS.swift in Sources */ = {isa = PBXBuildFile; fileRef = 9D883A491C26B5A200702F9A /* GenericFunctionsiOS.swift */; };
		9D8A59301B92EC4500164C9F /* MeViewController.swift in Sources */ = {isa = PBXBuildFile; fileRef = 9D8A592F1B92EC4500164C9F /* MeViewController.swift */; };
		9D8A593B1B92F2B600164C9F /* PeerDescription.swift in Sources */ = {isa = PBXBuildFile; fileRef = 9D8A593A1B92F2B600164C9F /* PeerDescription.swift */; };
		9D8A593D1B92F96E00164C9F /* BrowseViewController.swift in Sources */ = {isa = PBXBuildFile; fileRef = 9D8A593C1B92F96E00164C9F /* BrowseViewController.swift */; };
		9D8A59411B92FABE00164C9F /* FilterViewController.swift in Sources */ = {isa = PBXBuildFile; fileRef = 9D8A59401B92FABE00164C9F /* FilterViewController.swift */; };
		9D8A59431B92FB5200164C9F /* SingleSelViewController.swift in Sources */ = {isa = PBXBuildFile; fileRef = 9D8A59421B92FB5200164C9F /* SingleSelViewController.swift */; };
		9D8A59471B92FED800164C9F /* PersonDetailViewController.swift in Sources */ = {isa = PBXBuildFile; fileRef = 9D8A59461B92FED800164C9F /* PersonDetailViewController.swift */; };
		9D8A594D1B9395F500164C9F /* BasicInfoViewContoller.swift in Sources */ = {isa = PBXBuildFile; fileRef = 9D8A594C1B9395F500164C9F /* BasicInfoViewContoller.swift */; };
		9D9458A21F2A1B8800EBCB31 /* CommonCrypto.h in Headers */ = {isa = PBXBuildFile; fileRef = 9D9458A01F2A1B8800EBCB31 /* CommonCrypto.h */; settings = {ATTRIBUTES = (Public, ); }; };
		9D9458A51F2A1B8800EBCB31 /* CommonCrypto.framework in Frameworks */ = {isa = PBXBuildFile; fileRef = 9D94589E1F2A1B8700EBCB31 /* CommonCrypto.framework */; settings = {ATTRIBUTES = (Weak, ); }; };
		9D9458A61F2A1B8800EBCB31 /* CommonCrypto.framework in Embed Frameworks */ = {isa = PBXBuildFile; fileRef = 9D94589E1F2A1B8700EBCB31 /* CommonCrypto.framework */; settings = {ATTRIBUTES = (CodeSignOnCopy, RemoveHeadersOnCopy, ); }; };
		9D9BC64D1E1C604B00D031C5 /* LocalPeerManager.swift in Sources */ = {isa = PBXBuildFile; fileRef = 9D9BC64C1E1C604B00D031C5 /* LocalPeerManager.swift */; };
		9D9BC6501E1C633600D031C5 /* PeerManager.swift in Sources */ = {isa = PBXBuildFile; fileRef = 9D9BC64F1E1C633600D031C5 /* PeerManager.swift */; };
		9D9BC6531E1C6A3D00D031C5 /* PeeringController.swift in Sources */ = {isa = PBXBuildFile; fileRef = 9D9BC6521E1C6A3D00D031C5 /* PeeringController.swift */; };
		9D9D02051F2609DA00DC5FC6 /* CharacterTraitViewController.swift in Sources */ = {isa = PBXBuildFile; fileRef = 9D8A592D1B92EC3F00164C9F /* CharacterTraitViewController.swift */; };
		9DA0F7BB1B5C3AB800F3BA87 /* AppDelegate.swift in Sources */ = {isa = PBXBuildFile; fileRef = 9DA0F7BA1B5C3AB800F3BA87 /* AppDelegate.swift */; };
		9DA0F7C41B5C3AB800F3BA87 /* Images.xcassets in Resources */ = {isa = PBXBuildFile; fileRef = 9DA0F7C31B5C3AB800F3BA87 /* Images.xcassets */; };
		9DAAC35C1BD6B7C50039611F /* RemotePeerManager.swift in Sources */ = {isa = PBXBuildFile; fileRef = 9DAAC35B1BD6B7C50039611F /* RemotePeerManager.swift */; };
		9DAD8F961ECF512F00363016 /* PinPoints.swift in Sources */ = {isa = PBXBuildFile; fileRef = 9DAD8F951ECF512F00363016 /* PinPoints.swift */; };
		9DB3916A2049F6E100543F74 /* Main.storyboard in Resources */ = {isa = PBXBuildFile; fileRef = 9DB3916C2049F6E100543F74 /* Main.storyboard */; };
		9DCB2F3A1D81F9170087CACB /* OnboardingDescriptionViewController.swift in Sources */ = {isa = PBXBuildFile; fileRef = 9DCB2F391D81F9170087CACB /* OnboardingDescriptionViewController.swift */; };
		9DCD96DF1ED9FFDC00C5AC3C /* AsymmetricCrypto.swift in Sources */ = {isa = PBXBuildFile; fileRef = 9DCD96DE1ED9FFDC00C5AC3C /* AsymmetricCrypto.swift */; };
		9DCD96E11EDA001E00C5AC3C /* SynchronizedCollections.swift in Sources */ = {isa = PBXBuildFile; fileRef = 9DCD96E01EDA001E00C5AC3C /* SynchronizedCollections.swift */; };
		9DCE945A1F30EB8600F31330 /* InAppNotification.xib in Resources */ = {isa = PBXBuildFile; fileRef = 9DCE94581F30EB8600F31330 /* InAppNotification.xib */; };
		9DCE945D1F30EC4D00F31330 /* InAppNotificationViewController.swift in Sources */ = {isa = PBXBuildFile; fileRef = 9DCE945C1F30EC4D00F31330 /* InAppNotificationViewController.swift */; };
		9DD049451C5FC80800A91C71 /* CircleMaskView.swift in Sources */ = {isa = PBXBuildFile; fileRef = 9DD049441C5FC80800A91C71 /* CircleMaskView.swift */; };
		9DD1B42E1EC46FD000A01AEF /* PeerID.swift in Sources */ = {isa = PBXBuildFile; fileRef = 9DD1B42C1EC46FD000A01AEF /* PeerID.swift */; };
		9DD1B42F1EC46FD000A01AEF /* PublicKey.swift in Sources */ = {isa = PBXBuildFile; fileRef = 9DD1B42D1EC46FD000A01AEF /* PublicKey.swift */; };
		9DD61F5F1EAE33B6004EB56A /* SwaggerImplementations.swift in Sources */ = {isa = PBXBuildFile; fileRef = 9DD61F531EAE33B6004EB56A /* SwaggerImplementations.swift */; };
		9DD61F601EAE33B6004EB56A /* APIHelper.swift in Sources */ = {isa = PBXBuildFile; fileRef = 9DD61F541EAE33B6004EB56A /* APIHelper.swift */; };
		9DD61F611EAE33B6004EB56A /* DefaultAPI.swift in Sources */ = {isa = PBXBuildFile; fileRef = 9DD61F561EAE33B6004EB56A /* DefaultAPI.swift */; };
		9DD61F621EAE33B6004EB56A /* APIs.swift in Sources */ = {isa = PBXBuildFile; fileRef = 9DD61F571EAE33B6004EB56A /* APIs.swift */; };
		9DD61F631EAE33B6004EB56A /* Extensions.swift in Sources */ = {isa = PBXBuildFile; fileRef = 9DD61F581EAE33B6004EB56A /* Extensions.swift */; };
		9DD61F641EAE33B6004EB56A /* Account.swift in Sources */ = {isa = PBXBuildFile; fileRef = 9DD61F5A1EAE33B6004EB56A /* Account.swift */; };
		9DD61F671EAE33B6004EB56A /* Pin.swift in Sources */ = {isa = PBXBuildFile; fileRef = 9DD61F5D1EAE33B6004EB56A /* Pin.swift */; };
		9DD61F681EAE33B6004EB56A /* Models.swift in Sources */ = {isa = PBXBuildFile; fileRef = 9DD61F5E1EAE33B6004EB56A /* Models.swift */; };
		9DDA3A511D77B6EA00C2ADC8 /* InfoPlist.strings in Resources */ = {isa = PBXBuildFile; fileRef = 9DDA3A4F1D77B6EA00C2ADC8 /* InfoPlist.strings */; };
		9DDBD4C81D7BC681008B0CFC /* BeaconViewController.swift in Sources */ = {isa = PBXBuildFile; fileRef = 9DDBD4C71D7BC681008B0CFC /* BeaconViewController.swift */; };
		9DDDE1DF1BCC122E006E6DEA /* WelcomeViewController.swift in Sources */ = {isa = PBXBuildFile; fileRef = 9DDDE1DE1BCC122E006E6DEA /* WelcomeViewController.swift */; };
		9DDE47C71BA59C5D00DB6EEE /* BrowseFilterSettings.swift in Sources */ = {isa = PBXBuildFile; fileRef = 9DDE47C61BA59C5D00DB6EEE /* BrowseFilterSettings.swift */; };
		9DE2E5A01E48E7BC0004DA3E /* ProgressManager.swift in Sources */ = {isa = PBXBuildFile; fileRef = 9DE2E59F1E48E7BC0004DA3E /* ProgressManager.swift */; };
		9DEAE8CC1B640C5A00D4F6BF /* CharacterTrait.swift in Sources */ = {isa = PBXBuildFile; fileRef = 9DEAE8CB1B640C5A00D4F6BF /* CharacterTrait.swift */; };
		9DFE8A971F33769700264CFE /* NetworkReachability.swift in Sources */ = {isa = PBXBuildFile; fileRef = 9DFE8A961F33769700264CFE /* NetworkReachability.swift */; };
/* End PBXBuildFile section */

/* Begin PBXContainerItemProxy section */
		9D9458A31F2A1B8800EBCB31 /* PBXContainerItemProxy */ = {
			isa = PBXContainerItemProxy;
			containerPortal = 9DA0F7AD1B5C3AB800F3BA87 /* Project object */;
			proxyType = 1;
			remoteGlobalIDString = 9D94589D1F2A1B8700EBCB31;
			remoteInfo = CommonCrypto;
		};
/* End PBXContainerItemProxy section */

/* Begin PBXCopyFilesBuildPhase section */
		9D9458AA1F2A1B8800EBCB31 /* Embed Frameworks */ = {
			isa = PBXCopyFilesBuildPhase;
			buildActionMask = 2147483647;
			dstPath = "";
			dstSubfolderSpec = 10;
			files = (
				9D9458A61F2A1B8800EBCB31 /* CommonCrypto.framework in Embed Frameworks */,
			);
			name = "Embed Frameworks";
			runOnlyForDeploymentPostprocessing = 0;
		};
/* End PBXCopyFilesBuildPhase section */

/* Begin PBXFileReference section */
		9D08E2D71C4030B30045388A /* BasicDescription.storyboard */ = {isa = PBXFileReference; fileEncoding = 4; lastKnownFileType = file.storyboard; name = BasicDescription.storyboard; path = Peeree/Storyboards/BasicDescription/BasicDescription.storyboard; sourceTree = "<group>"; };
		9D08E2D91C4031050045388A /* BasicDescriptionViewController.swift */ = {isa = PBXFileReference; fileEncoding = 4; lastKnownFileType = sourcecode.swift; name = BasicDescriptionViewController.swift; path = Peeree/Storyboards/BasicDescription/BasicDescriptionViewController.swift; sourceTree = "<group>"; };
		9D0CDD4C1D557F6C004EB3FB /* PeereeExtensions.swift */ = {isa = PBXFileReference; fileEncoding = 4; lastKnownFileType = sourcecode.swift; name = PeereeExtensions.swift; path = Peeree/Helpers/PeereeExtensions.swift; sourceTree = "<group>"; };
		9D0EA9F21E44DB9000C71312 /* GenericFunctions.swift */ = {isa = PBXFileReference; fileEncoding = 4; lastKnownFileType = sourcecode.swift; name = GenericFunctions.swift; path = Peeree/Helpers/GenericFunctions.swift; sourceTree = "<group>"; };
		9D1AF3CE204A9AEA00B616AF /* de */ = {isa = PBXFileReference; lastKnownFileType = text.plist.strings; name = de; path = de.lproj/InfoPlist.strings; sourceTree = "<group>"; };
		9D1AF3D0204AA2CF00B616AF /* en */ = {isa = PBXFileReference; lastKnownFileType = text.plist.strings; name = en; path = en.lproj/Localizable.strings; sourceTree = "<group>"; };
		9D1AF3D2204AA2E300B616AF /* de */ = {isa = PBXFileReference; lastKnownFileType = text.plist.strings; name = de; path = de.lproj/Localizable.strings; sourceTree = "<group>"; };
		9D1AF3D3204B008100B616AF /* de */ = {isa = PBXFileReference; lastKnownFileType = text.plist.strings; name = de; path = de.lproj/FirstLaunch.strings; sourceTree = "<group>"; };
		9D2923241B91D05F00B5B622 /* FirstLaunchViewController.swift */ = {isa = PBXFileReference; lastKnownFileType = sourcecode.swift; name = FirstLaunchViewController.swift; path = "Peeree/Storyboards/Onboarding Sequence/FirstLaunchViewController.swift"; sourceTree = "<group>"; };
		9D2923261B91E50B00B5B622 /* SetupViewController.swift */ = {isa = PBXFileReference; lastKnownFileType = sourcecode.swift; name = SetupViewController.swift; path = "Peeree/Storyboards/Onboarding Sequence/SetupViewController.swift"; sourceTree = "<group>"; };
		9D2A76B91DC63E9D004E6386 /* PeereeUITests.swift */ = {isa = PBXFileReference; lastKnownFileType = sourcecode.swift; path = PeereeUITests.swift; sourceTree = "<group>"; };
		9D2A76BB1DC63E9D004E6386 /* Info.plist */ = {isa = PBXFileReference; lastKnownFileType = text.plist.xml; path = Info.plist; sourceTree = "<group>"; };
		9D2E7F2D1D02120700D5D957 /* PortraitImagePickerController.swift */ = {isa = PBXFileReference; fileEncoding = 4; lastKnownFileType = sourcecode.swift; name = PortraitImagePickerController.swift; path = View/PortraitImagePickerController.swift; sourceTree = "<group>"; };
		9D33E8F11D418839001CECAB /* Base */ = {isa = PBXFileReference; lastKnownFileType = file.storyboard; name = Base; path = Base.lproj/FirstLaunch.storyboard; sourceTree = "<group>"; };
		9D400E611EBA2B9C0006480A /* AccountController.swift */ = {isa = PBXFileReference; fileEncoding = 4; lastKnownFileType = sourcecode.swift; name = AccountController.swift; path = Controller/AccountController.swift; sourceTree = "<group>"; };
		9D4D70A61DBA70C90065D23D /* LaunchScreen.storyboard */ = {isa = PBXFileReference; fileEncoding = 4; lastKnownFileType = file.storyboard; name = LaunchScreen.storyboard; path = Peeree/Storyboards/Launch/LaunchScreen.storyboard; sourceTree = "<group>"; };
		9D5E806E1D8EF94C0039BB98 /* PinMatchViewController.swift */ = {isa = PBXFileReference; fileEncoding = 4; lastKnownFileType = sourcecode.swift; name = PinMatchViewController.swift; path = "Storyboards/Main Storyboard/PinMatchViewController.swift"; sourceTree = "<group>"; };
		9D6F7B931BC82AD5007CD234 /* RootView.swift */ = {isa = PBXFileReference; fileEncoding = 4; lastKnownFileType = sourcecode.swift; name = RootView.swift; path = View/RootView.swift; sourceTree = "<group>"; };
		9D830FC61E59AD17001BF4D9 /* PeereeExtensionsiOS.swift */ = {isa = PBXFileReference; fileEncoding = 4; lastKnownFileType = sourcecode.swift; name = PeereeExtensionsiOS.swift; path = Peeree/Helpers/PeereeExtensionsiOS.swift; sourceTree = "<group>"; };
		9D883A491C26B5A200702F9A /* GenericFunctionsiOS.swift */ = {isa = PBXFileReference; fileEncoding = 4; lastKnownFileType = sourcecode.swift; name = GenericFunctionsiOS.swift; path = Peeree/Helpers/GenericFunctionsiOS.swift; sourceTree = "<group>"; };
		9D8A592D1B92EC3F00164C9F /* CharacterTraitViewController.swift */ = {isa = PBXFileReference; fileEncoding = 4; lastKnownFileType = sourcecode.swift; name = CharacterTraitViewController.swift; path = "Storyboards/Main Storyboard/CharacterTraitViewController.swift"; sourceTree = "<group>"; };
		9D8A592F1B92EC4500164C9F /* MeViewController.swift */ = {isa = PBXFileReference; fileEncoding = 4; lastKnownFileType = sourcecode.swift; name = MeViewController.swift; path = "Storyboards/Main Storyboard/MeViewController.swift"; sourceTree = "<group>"; };
		9D8A593A1B92F2B600164C9F /* PeerDescription.swift */ = {isa = PBXFileReference; fileEncoding = 4; lastKnownFileType = sourcecode.swift; name = PeerDescription.swift; path = Model/PeerDescription.swift; sourceTree = "<group>"; };
		9D8A593C1B92F96E00164C9F /* BrowseViewController.swift */ = {isa = PBXFileReference; fileEncoding = 4; lastKnownFileType = sourcecode.swift; name = BrowseViewController.swift; path = "Storyboards/Main Storyboard/BrowseViewController.swift"; sourceTree = "<group>"; };
		9D8A59401B92FABE00164C9F /* FilterViewController.swift */ = {isa = PBXFileReference; fileEncoding = 4; lastKnownFileType = sourcecode.swift; name = FilterViewController.swift; path = "Storyboards/Main Storyboard/FilterViewController.swift"; sourceTree = "<group>"; };
		9D8A59421B92FB5200164C9F /* SingleSelViewController.swift */ = {isa = PBXFileReference; fileEncoding = 4; lastKnownFileType = sourcecode.swift; name = SingleSelViewController.swift; path = "Storyboards/Main Storyboard/SingleSelViewController.swift"; sourceTree = "<group>"; };
		9D8A59461B92FED800164C9F /* PersonDetailViewController.swift */ = {isa = PBXFileReference; fileEncoding = 4; lastKnownFileType = sourcecode.swift; name = PersonDetailViewController.swift; path = "Storyboards/Main Storyboard/PersonDetailViewController.swift"; sourceTree = "<group>"; };
		9D8A594C1B9395F500164C9F /* BasicInfoViewContoller.swift */ = {isa = PBXFileReference; fileEncoding = 4; lastKnownFileType = sourcecode.swift; name = BasicInfoViewContoller.swift; path = "Storyboards/Onboarding Sequence/BasicInfoViewContoller.swift"; sourceTree = "<group>"; };
		9D94589E1F2A1B8700EBCB31 /* CommonCrypto.framework */ = {isa = PBXFileReference; explicitFileType = wrapper.framework; includeInIndex = 0; path = CommonCrypto.framework; sourceTree = BUILT_PRODUCTS_DIR; };
		9D9458A01F2A1B8800EBCB31 /* CommonCrypto.h */ = {isa = PBXFileReference; lastKnownFileType = sourcecode.c.h; path = CommonCrypto.h; sourceTree = "<group>"; };
		9D9458A11F2A1B8800EBCB31 /* Info.plist */ = {isa = PBXFileReference; lastKnownFileType = text.plist.xml; path = Info.plist; sourceTree = "<group>"; };
		9D9458AB1F2A1BB000EBCB31 /* CommonCrypto.xcconfig */ = {isa = PBXFileReference; fileEncoding = 4; lastKnownFileType = text.xcconfig; name = CommonCrypto.xcconfig; path = ../../../../macOS/cocoa/PeereeMac/CommonCrypto/CommonCrypto.xcconfig; sourceTree = "<group>"; };
		9D9458B01F2A1C5100EBCB31 /* iphoneos.modulemap */ = {isa = PBXFileReference; fileEncoding = 4; lastKnownFileType = "sourcecode.module-map"; path = iphoneos.modulemap; sourceTree = "<group>"; };
		9D9458B11F2A1C5100EBCB31 /* iphonesimulator.modulemap */ = {isa = PBXFileReference; fileEncoding = 4; lastKnownFileType = "sourcecode.module-map"; path = iphonesimulator.modulemap; sourceTree = "<group>"; };
		9D9458B21F2A1C5100EBCB31 /* macosx.modulemap */ = {isa = PBXFileReference; fileEncoding = 4; lastKnownFileType = "sourcecode.module-map"; path = macosx.modulemap; sourceTree = "<group>"; };
		9D9BC64C1E1C604B00D031C5 /* LocalPeerManager.swift */ = {isa = PBXFileReference; fileEncoding = 4; lastKnownFileType = sourcecode.swift; name = LocalPeerManager.swift; path = Controller/LocalPeerManager.swift; sourceTree = "<group>"; };
		9D9BC64F1E1C633600D031C5 /* PeerManager.swift */ = {isa = PBXFileReference; fileEncoding = 4; lastKnownFileType = sourcecode.swift; name = PeerManager.swift; path = Controller/PeerManager.swift; sourceTree = "<group>"; };
		9D9BC6521E1C6A3D00D031C5 /* PeeringController.swift */ = {isa = PBXFileReference; fileEncoding = 4; lastKnownFileType = sourcecode.swift; name = PeeringController.swift; path = Controller/PeeringController.swift; sourceTree = "<group>"; };
		9D9CA0E21CF7399900C2885D /* CoreFoundation.framework */ = {isa = PBXFileReference; lastKnownFileType = wrapper.framework; name = CoreFoundation.framework; path = System/Library/Frameworks/CoreFoundation.framework; sourceTree = SDKROOT; };
		9DA0F7B51B5C3AB800F3BA87 /* Peeree.app */ = {isa = PBXFileReference; explicitFileType = wrapper.application; includeInIndex = 0; path = Peeree.app; sourceTree = BUILT_PRODUCTS_DIR; };
		9DA0F7B91B5C3AB800F3BA87 /* Info.plist */ = {isa = PBXFileReference; lastKnownFileType = text.plist.xml; path = Info.plist; sourceTree = "<group>"; };
		9DA0F7BA1B5C3AB800F3BA87 /* AppDelegate.swift */ = {isa = PBXFileReference; lastKnownFileType = sourcecode.swift; path = AppDelegate.swift; sourceTree = "<group>"; };
		9DA0F7C31B5C3AB800F3BA87 /* Images.xcassets */ = {isa = PBXFileReference; lastKnownFileType = folder.assetcatalog; path = Images.xcassets; sourceTree = "<group>"; };
		9DA0F7D11B5C3AB900F3BA87 /* Info.plist */ = {isa = PBXFileReference; lastKnownFileType = text.plist.xml; path = Info.plist; sourceTree = "<group>"; };
		9DA0F7D21B5C3AB900F3BA87 /* PeereeTests.swift */ = {isa = PBXFileReference; lastKnownFileType = sourcecode.swift; path = PeereeTests.swift; sourceTree = "<group>"; };
		9DAAC35B1BD6B7C50039611F /* RemotePeerManager.swift */ = {isa = PBXFileReference; fileEncoding = 4; lastKnownFileType = sourcecode.swift; name = RemotePeerManager.swift; path = Controller/RemotePeerManager.swift; sourceTree = "<group>"; };
		9DAD8F951ECF512F00363016 /* PinPoints.swift */ = {isa = PBXFileReference; fileEncoding = 4; lastKnownFileType = sourcecode.swift; path = PinPoints.swift; sourceTree = "<group>"; };
		9DB3916B2049F6E100543F74 /* Base */ = {isa = PBXFileReference; lastKnownFileType = file.storyboard; name = Base; path = Base.lproj/Main.storyboard; sourceTree = "<group>"; };
		9DB3916E2049F74C00543F74 /* de */ = {isa = PBXFileReference; lastKnownFileType = text.plist.strings; name = de; path = de.lproj/Main.strings; sourceTree = "<group>"; };
		9DBD56D91EE04D1900FB8DA4 /* PeerInfoTest.swift */ = {isa = PBXFileReference; fileEncoding = 4; lastKnownFileType = sourcecode.swift; path = PeerInfoTest.swift; sourceTree = "<group>"; };
		9DCB1445205E9F4F00BF38D1 /* en */ = {isa = PBXFileReference; lastKnownFileType = text.plist.strings; name = en; path = en.lproj/FirstLaunch.strings; sourceTree = "<group>"; };
		9DCB1447205EA0AF00BF38D1 /* en */ = {isa = PBXFileReference; lastKnownFileType = text.plist.strings; name = en; path = en.lproj/Main.strings; sourceTree = "<group>"; };
		9DCB2F391D81F9170087CACB /* OnboardingDescriptionViewController.swift */ = {isa = PBXFileReference; fileEncoding = 4; lastKnownFileType = sourcecode.swift; name = OnboardingDescriptionViewController.swift; path = "Peeree/Storyboards/Onboarding Sequence/OnboardingDescriptionViewController.swift"; sourceTree = "<group>"; };
		9DCD96DE1ED9FFDC00C5AC3C /* AsymmetricCrypto.swift */ = {isa = PBXFileReference; fileEncoding = 4; lastKnownFileType = sourcecode.swift; name = AsymmetricCrypto.swift; path = Peeree/Helpers/AsymmetricCrypto.swift; sourceTree = "<group>"; };
		9DCD96E01EDA001E00C5AC3C /* SynchronizedCollections.swift */ = {isa = PBXFileReference; fileEncoding = 4; lastKnownFileType = sourcecode.swift; name = SynchronizedCollections.swift; path = Peeree/Helpers/SynchronizedCollections.swift; sourceTree = "<group>"; };
		9DCE94581F30EB8600F31330 /* InAppNotification.xib */ = {isa = PBXFileReference; fileEncoding = 4; lastKnownFileType = file.xib; name = InAppNotification.xib; path = Peeree/Storyboards/InAppNotification/InAppNotification.xib; sourceTree = "<group>"; };
		9DCE945C1F30EC4D00F31330 /* InAppNotificationViewController.swift */ = {isa = PBXFileReference; fileEncoding = 4; lastKnownFileType = sourcecode.swift; name = InAppNotificationViewController.swift; path = Peeree/Storyboards/InAppNotification/InAppNotificationViewController.swift; sourceTree = "<group>"; };
		9DCE94631F30EDBA00F31330 /* README.md */ = {isa = PBXFileReference; fileEncoding = 4; lastKnownFileType = net.daringfireball.markdown; path = README.md; sourceTree = "<group>"; };
		9DCFFD881C1DC3D4004687FB /* RemotePeerManagerTests.swift */ = {isa = PBXFileReference; fileEncoding = 4; lastKnownFileType = sourcecode.swift; path = RemotePeerManagerTests.swift; sourceTree = "<group>"; };
		9DD049441C5FC80800A91C71 /* CircleMaskView.swift */ = {isa = PBXFileReference; fileEncoding = 4; lastKnownFileType = sourcecode.swift; name = CircleMaskView.swift; path = View/CircleMaskView.swift; sourceTree = "<group>"; };
		9DD1B42C1EC46FD000A01AEF /* PeerID.swift */ = {isa = PBXFileReference; fileEncoding = 4; lastKnownFileType = sourcecode.swift; path = PeerID.swift; sourceTree = "<group>"; };
		9DD1B42D1EC46FD000A01AEF /* PublicKey.swift */ = {isa = PBXFileReference; fileEncoding = 4; lastKnownFileType = sourcecode.swift; path = PublicKey.swift; sourceTree = "<group>"; };
		9DD61F531EAE33B6004EB56A /* SwaggerImplementations.swift */ = {isa = PBXFileReference; fileEncoding = 4; lastKnownFileType = sourcecode.swift; name = SwaggerImplementations.swift; path = Swagger/SwaggerImplementations.swift; sourceTree = "<group>"; };
		9DD61F541EAE33B6004EB56A /* APIHelper.swift */ = {isa = PBXFileReference; fileEncoding = 4; lastKnownFileType = sourcecode.swift; name = APIHelper.swift; path = Swagger/APIHelper.swift; sourceTree = "<group>"; };
		9DD61F561EAE33B6004EB56A /* DefaultAPI.swift */ = {isa = PBXFileReference; fileEncoding = 4; lastKnownFileType = sourcecode.swift; path = DefaultAPI.swift; sourceTree = "<group>"; };
		9DD61F571EAE33B6004EB56A /* APIs.swift */ = {isa = PBXFileReference; fileEncoding = 4; lastKnownFileType = sourcecode.swift; name = APIs.swift; path = Swagger/APIs.swift; sourceTree = "<group>"; };
		9DD61F581EAE33B6004EB56A /* Extensions.swift */ = {isa = PBXFileReference; fileEncoding = 4; lastKnownFileType = sourcecode.swift; name = Extensions.swift; path = Swagger/Extensions.swift; sourceTree = "<group>"; };
		9DD61F5A1EAE33B6004EB56A /* Account.swift */ = {isa = PBXFileReference; fileEncoding = 4; lastKnownFileType = sourcecode.swift; path = Account.swift; sourceTree = "<group>"; };
		9DD61F5D1EAE33B6004EB56A /* Pin.swift */ = {isa = PBXFileReference; fileEncoding = 4; lastKnownFileType = sourcecode.swift; path = Pin.swift; sourceTree = "<group>"; };
		9DD61F5E1EAE33B6004EB56A /* Models.swift */ = {isa = PBXFileReference; fileEncoding = 4; lastKnownFileType = sourcecode.swift; name = Models.swift; path = Swagger/Models.swift; sourceTree = "<group>"; };
		9DDA3A501D77B6EA00C2ADC8 /* en */ = {isa = PBXFileReference; lastKnownFileType = text.plist.strings; name = en; path = en.lproj/InfoPlist.strings; sourceTree = "<group>"; };
		9DDBD4C71D7BC681008B0CFC /* BeaconViewController.swift */ = {isa = PBXFileReference; fileEncoding = 4; lastKnownFileType = sourcecode.swift; name = BeaconViewController.swift; path = "Storyboards/Main Storyboard/BeaconViewController.swift"; sourceTree = "<group>"; };
		9DDDE1DE1BCC122E006E6DEA /* WelcomeViewController.swift */ = {isa = PBXFileReference; fileEncoding = 4; lastKnownFileType = sourcecode.swift; name = WelcomeViewController.swift; path = "Peeree/Storyboards/Onboarding Sequence/WelcomeViewController.swift"; sourceTree = "<group>"; };
		9DDE47C61BA59C5D00DB6EEE /* BrowseFilterSettings.swift */ = {isa = PBXFileReference; fileEncoding = 4; lastKnownFileType = sourcecode.swift; name = BrowseFilterSettings.swift; path = Model/BrowseFilterSettings.swift; sourceTree = "<group>"; };
		9DE2E59F1E48E7BC0004DA3E /* ProgressManager.swift */ = {isa = PBXFileReference; fileEncoding = 4; lastKnownFileType = sourcecode.swift; name = ProgressManager.swift; path = Peeree/Helpers/ProgressManager.swift; sourceTree = "<group>"; };
		9DEAE8CB1B640C5A00D4F6BF /* CharacterTrait.swift */ = {isa = PBXFileReference; fileEncoding = 4; lastKnownFileType = sourcecode.swift; name = CharacterTrait.swift; path = Model/CharacterTrait.swift; sourceTree = "<group>"; };
		9DFE8A961F33769700264CFE /* NetworkReachability.swift */ = {isa = PBXFileReference; fileEncoding = 4; lastKnownFileType = sourcecode.swift; name = NetworkReachability.swift; path = Peeree/Helpers/NetworkReachability.swift; sourceTree = "<group>"; };
/* End PBXFileReference section */

/* Begin PBXFrameworksBuildPhase section */
		9D94589A1F2A1B8700EBCB31 /* Frameworks */ = {
			isa = PBXFrameworksBuildPhase;
			buildActionMask = 2147483647;
			files = (
			);
			runOnlyForDeploymentPostprocessing = 0;
		};
		9DA0F7B21B5C3AB800F3BA87 /* Frameworks */ = {
			isa = PBXFrameworksBuildPhase;
			buildActionMask = 2147483647;
			files = (
				9D9458A51F2A1B8800EBCB31 /* CommonCrypto.framework in Frameworks */,
			);
			runOnlyForDeploymentPostprocessing = 0;
		};
/* End PBXFrameworksBuildPhase section */

/* Begin PBXGroup section */
		9D29231E1B91AB7A00B5B622 /* Controller */ = {
			isa = PBXGroup;
			children = (
				9DA0F7BA1B5C3AB800F3BA87 /* AppDelegate.swift */,
				9D9BC64C1E1C604B00D031C5 /* LocalPeerManager.swift */,
				9D9BC6521E1C6A3D00D031C5 /* PeeringController.swift */,
				9D9BC64F1E1C633600D031C5 /* PeerManager.swift */,
				9DAAC35B1BD6B7C50039611F /* RemotePeerManager.swift */,
				9D400E611EBA2B9C0006480A /* AccountController.swift */,
			);
			name = Controller;
			sourceTree = "<group>";
		};
		9D29231F1B91AB9A00B5B622 /* Main Storyboard */ = {
			isa = PBXGroup;
			children = (
				9DB3916C2049F6E100543F74 /* Main.storyboard */,
				9D8A593C1B92F96E00164C9F /* BrowseViewController.swift */,
				9D8A592D1B92EC3F00164C9F /* CharacterTraitViewController.swift */,
				9D8A59401B92FABE00164C9F /* FilterViewController.swift */,
				9D8A592F1B92EC4500164C9F /* MeViewController.swift */,
				9D8A59461B92FED800164C9F /* PersonDetailViewController.swift */,
				9D8A59421B92FB5200164C9F /* SingleSelViewController.swift */,
				9DDBD4C71D7BC681008B0CFC /* BeaconViewController.swift */,
				9D5E806E1D8EF94C0039BB98 /* PinMatchViewController.swift */,
			);
			name = "Main Storyboard";
			path = Peeree;
			sourceTree = "<group>";
		};
		9D2A76B81DC63E9D004E6386 /* PeereeUITests */ = {
			isa = PBXGroup;
			children = (
				9D2A76B91DC63E9D004E6386 /* PeereeUITests.swift */,
				9D2A76BB1DC63E9D004E6386 /* Info.plist */,
			);
			path = PeereeUITests;
			sourceTree = "<group>";
		};
		9D4D70A51DBA70A80065D23D /* Launch */ = {
			isa = PBXGroup;
			children = (
				9D4D70A61DBA70C90065D23D /* LaunchScreen.storyboard */,
			);
			name = Launch;
			sourceTree = "<group>";
		};
		9D6F7B901BC82A70007CD234 /* View */ = {
			isa = PBXGroup;
			children = (
				9D2E7F2D1D02120700D5D957 /* PortraitImagePickerController.swift */,
				9D8A594C1B9395F500164C9F /* BasicInfoViewContoller.swift */,
				9D6F7B931BC82AD5007CD234 /* RootView.swift */,
				9DD049441C5FC80800A91C71 /* CircleMaskView.swift */,
			);
			name = View;
			sourceTree = "<group>";
		};
		9D883A481C26B56400702F9A /* Utility */ = {
			isa = PBXGroup;
			children = (
				9D0CDD4C1D557F6C004EB3FB /* PeereeExtensions.swift */,
				9D830FC61E59AD17001BF4D9 /* PeereeExtensionsiOS.swift */,
				9D883A491C26B5A200702F9A /* GenericFunctionsiOS.swift */,
				9D0EA9F21E44DB9000C71312 /* GenericFunctions.swift */,
				9DE2E59F1E48E7BC0004DA3E /* ProgressManager.swift */,
				9DCD96DE1ED9FFDC00C5AC3C /* AsymmetricCrypto.swift */,
				9DCD96E01EDA001E00C5AC3C /* SynchronizedCollections.swift */,
				9DFE8A961F33769700264CFE /* NetworkReachability.swift */,
			);
			name = Utility;
			path = ..;
			sourceTree = "<group>";
		};
		9D8A59291B92EB7800164C9F /* Storyboards */ = {
			isa = PBXGroup;
			children = (
				9DCE945B1F30EB9800F31330 /* BasicDescription */,
				9DCE94541F30EAEF00F31330 /* InAppNotification */,
				9D4D70A51DBA70A80065D23D /* Launch */,
				9D8A592A1B92EB8300164C9F /* Onboarding Sequence */,
				9D29231F1B91AB9A00B5B622 /* Main Storyboard */,
			);
			name = Storyboards;
			path = ..;
			sourceTree = "<group>";
		};
		9D8A592A1B92EB8300164C9F /* Onboarding Sequence */ = {
			isa = PBXGroup;
			children = (
				9D33E8F21D418839001CECAB /* FirstLaunch.storyboard */,
				9D2923241B91D05F00B5B622 /* FirstLaunchViewController.swift */,
				9D2923261B91E50B00B5B622 /* SetupViewController.swift */,
				9DDDE1DE1BCC122E006E6DEA /* WelcomeViewController.swift */,
				9DCB2F391D81F9170087CACB /* OnboardingDescriptionViewController.swift */,
			);
			name = "Onboarding Sequence";
			sourceTree = "<group>";
		};
		9D94589F1F2A1B8700EBCB31 /* CommonCrypto */ = {
			isa = PBXGroup;
			children = (
				9D9458B01F2A1C5100EBCB31 /* iphoneos.modulemap */,
				9D9458B11F2A1C5100EBCB31 /* iphonesimulator.modulemap */,
				9D9458B21F2A1C5100EBCB31 /* macosx.modulemap */,
				9D9458AB1F2A1BB000EBCB31 /* CommonCrypto.xcconfig */,
				9D9458A01F2A1B8800EBCB31 /* CommonCrypto.h */,
				9D9458A11F2A1B8800EBCB31 /* Info.plist */,
			);
			path = CommonCrypto;
			sourceTree = "<group>";
		};
		9DA0F7AC1B5C3AB800F3BA87 = {
			isa = PBXGroup;
			children = (
				9DA0F7B71B5C3AB800F3BA87 /* Peeree */,
				9DA0F7CF1B5C3AB900F3BA87 /* PeereeTests */,
				9D2A76B81DC63E9D004E6386 /* PeereeUITests */,
				9D94589F1F2A1B8700EBCB31 /* CommonCrypto */,
				9DA0F7B61B5C3AB800F3BA87 /* Products */,
			);
			sourceTree = "<group>";
		};
		9DA0F7B61B5C3AB800F3BA87 /* Products */ = {
			isa = PBXGroup;
			children = (
				9DA0F7B51B5C3AB800F3BA87 /* Peeree.app */,
				9D94589E1F2A1B8700EBCB31 /* CommonCrypto.framework */,
			);
			name = Products;
			sourceTree = "<group>";
		};
		9DA0F7B71B5C3AB800F3BA87 /* Peeree */ = {
			isa = PBXGroup;
			children = (
				9DD61F3C1EAE3356004EB56A /* Swagger */,
				9D883A481C26B56400702F9A /* Utility */,
				9D8A59291B92EB7800164C9F /* Storyboards */,
				9D29231E1B91AB7A00B5B622 /* Controller */,
				9DEAE8C81B63ED3700D4F6BF /* Model */,
				9D6F7B901BC82A70007CD234 /* View */,
				9DA0F7B81B5C3AB800F3BA87 /* Supporting Files */,
				9DCE94631F30EDBA00F31330 /* README.md */,
			);
			path = Peeree;
			sourceTree = "<group>";
		};
		9DA0F7B81B5C3AB800F3BA87 /* Supporting Files */ = {
			isa = PBXGroup;
			children = (
				9DDA3A4E1D77B6C600C2ADC8 /* InfoPlist */,
				9DE965D91D69FC4200D5155B /* Frameworks */,
				9D1AF3D1204AA2CF00B616AF /* Localizable.strings */,
				9DA0F7C31B5C3AB800F3BA87 /* Images.xcassets */,
			);
			name = "Supporting Files";
			sourceTree = "<group>";
		};
		9DA0F7CF1B5C3AB900F3BA87 /* PeereeTests */ = {
			isa = PBXGroup;
			children = (
				9DA0F7D21B5C3AB900F3BA87 /* PeereeTests.swift */,
				9DCFFD881C1DC3D4004687FB /* RemotePeerManagerTests.swift */,
				9DA0F7D01B5C3AB900F3BA87 /* Supporting Files */,
				9DBD56D91EE04D1900FB8DA4 /* PeerInfoTest.swift */,
			);
			path = PeereeTests;
			sourceTree = "<group>";
		};
		9DA0F7D01B5C3AB900F3BA87 /* Supporting Files */ = {
			isa = PBXGroup;
			children = (
				9DA0F7D11B5C3AB900F3BA87 /* Info.plist */,
			);
			name = "Supporting Files";
			sourceTree = "<group>";
		};
		9DCE94541F30EAEF00F31330 /* InAppNotification */ = {
			isa = PBXGroup;
			children = (
				9DCE945C1F30EC4D00F31330 /* InAppNotificationViewController.swift */,
				9DCE94581F30EB8600F31330 /* InAppNotification.xib */,
			);
			name = InAppNotification;
			sourceTree = "<group>";
		};
		9DCE945B1F30EB9800F31330 /* BasicDescription */ = {
			isa = PBXGroup;
			children = (
				9D08E2D71C4030B30045388A /* BasicDescription.storyboard */,
				9D08E2D91C4031050045388A /* BasicDescriptionViewController.swift */,
			);
			name = BasicDescription;
			sourceTree = "<group>";
		};
		9DD61F3C1EAE3356004EB56A /* Swagger */ = {
			isa = PBXGroup;
			children = (
				9DD61F531EAE33B6004EB56A /* SwaggerImplementations.swift */,
				9DD61F541EAE33B6004EB56A /* APIHelper.swift */,
				9DD61F551EAE33B6004EB56A /* APIs */,
				9DD61F571EAE33B6004EB56A /* APIs.swift */,
				9DD61F581EAE33B6004EB56A /* Extensions.swift */,
				9DD61F591EAE33B6004EB56A /* Models */,
				9DD61F5E1EAE33B6004EB56A /* Models.swift */,
			);
			name = Swagger;
			sourceTree = "<group>";
		};
		9DD61F551EAE33B6004EB56A /* APIs */ = {
			isa = PBXGroup;
			children = (
				9DD61F561EAE33B6004EB56A /* DefaultAPI.swift */,
			);
			name = APIs;
			path = Swagger/APIs;
			sourceTree = "<group>";
		};
		9DD61F591EAE33B6004EB56A /* Models */ = {
			isa = PBXGroup;
			children = (
				9DD61F5A1EAE33B6004EB56A /* Account.swift */,
				9DD1B42C1EC46FD000A01AEF /* PeerID.swift */,
				9DAD8F951ECF512F00363016 /* PinPoints.swift */,
				9DD61F5D1EAE33B6004EB56A /* Pin.swift */,
				9DD1B42D1EC46FD000A01AEF /* PublicKey.swift */,
			);
			name = Models;
			path = Swagger/Models;
			sourceTree = "<group>";
		};
		9DDA3A4E1D77B6C600C2ADC8 /* InfoPlist */ = {
			isa = PBXGroup;
			children = (
				9DA0F7B91B5C3AB800F3BA87 /* Info.plist */,
				9DDA3A4F1D77B6EA00C2ADC8 /* InfoPlist.strings */,
			);
			name = InfoPlist;
			sourceTree = "<group>";
		};
		9DE965D91D69FC4200D5155B /* Frameworks */ = {
			isa = PBXGroup;
			children = (
				9D9CA0E21CF7399900C2885D /* CoreFoundation.framework */,
			);
			name = Frameworks;
			sourceTree = "<group>";
		};
		9DEAE8C81B63ED3700D4F6BF /* Model */ = {
			isa = PBXGroup;
			children = (
				9D8A593A1B92F2B600164C9F /* PeerDescription.swift */,
				9DEAE8CB1B640C5A00D4F6BF /* CharacterTrait.swift */,
				9DDE47C61BA59C5D00DB6EEE /* BrowseFilterSettings.swift */,
			);
			name = Model;
			sourceTree = "<group>";
		};
/* End PBXGroup section */

/* Begin PBXHeadersBuildPhase section */
		9D94589B1F2A1B8700EBCB31 /* Headers */ = {
			isa = PBXHeadersBuildPhase;
			buildActionMask = 2147483647;
			files = (
				9D9458A21F2A1B8800EBCB31 /* CommonCrypto.h in Headers */,
			);
			runOnlyForDeploymentPostprocessing = 0;
		};
/* End PBXHeadersBuildPhase section */

/* Begin PBXNativeTarget section */
		9D94589D1F2A1B8700EBCB31 /* CommonCrypto */ = {
			isa = PBXNativeTarget;
			buildConfigurationList = 9D9458A91F2A1B8800EBCB31 /* Build configuration list for PBXNativeTarget "CommonCrypto" */;
			buildPhases = (
				9D9458991F2A1B8700EBCB31 /* Sources */,
				9D94589A1F2A1B8700EBCB31 /* Frameworks */,
				9D94589B1F2A1B8700EBCB31 /* Headers */,
				9D94589C1F2A1B8700EBCB31 /* Resources */,
			);
			buildRules = (
			);
			dependencies = (
			);
			name = CommonCrypto;
			productName = CommonCrypto;
			productReference = 9D94589E1F2A1B8700EBCB31 /* CommonCrypto.framework */;
			productType = "com.apple.product-type.framework";
		};
		9DA0F7B41B5C3AB800F3BA87 /* Peeree */ = {
			isa = PBXNativeTarget;
			buildConfigurationList = 9DA0F7D61B5C3AB900F3BA87 /* Build configuration list for PBXNativeTarget "Peeree" */;
			buildPhases = (
				9DA0F7B11B5C3AB800F3BA87 /* Sources */,
				9DA0F7B21B5C3AB800F3BA87 /* Frameworks */,
				9DA0F7B31B5C3AB800F3BA87 /* Resources */,
				9D9458AA1F2A1B8800EBCB31 /* Embed Frameworks */,
			);
			buildRules = (
			);
			dependencies = (
				9D9458A41F2A1B8800EBCB31 /* PBXTargetDependency */,
			);
			name = Peeree;
			productName = Peeree;
			productReference = 9DA0F7B51B5C3AB800F3BA87 /* Peeree.app */;
			productType = "com.apple.product-type.application";
		};
/* End PBXNativeTarget section */

/* Begin PBXProject section */
		9DA0F7AD1B5C3AB800F3BA87 /* Project object */ = {
			isa = PBXProject;
			attributes = {
				LastSwiftMigration = 0700;
				LastSwiftUpdateCheck = 0810;
				LastUpgradeCheck = 0930;
				ORGANIZATIONNAME = Kobusch;
				TargetAttributes = {
					9D94589D1F2A1B8700EBCB31 = {
						CreatedOnToolsVersion = 8.3.3;
						DevelopmentTeam = 86J6LQ96WM;
						ProvisioningStyle = Automatic;
					};
					9DA0F7B41B5C3AB800F3BA87 = {
						CreatedOnToolsVersion = 6.3.2;
						DevelopmentTeam = 86J6LQ96WM;
						LastSwiftMigration = 0900;
						ProvisioningStyle = Automatic;
						SystemCapabilities = {
							com.apple.BackgroundModes = {
								enabled = 0;
							};
						};
					};
				};
			};
			buildConfigurationList = 9DA0F7B01B5C3AB800F3BA87 /* Build configuration list for PBXProject "Peeree" */;
			compatibilityVersion = "Xcode 3.2";
			developmentRegion = English;
			hasScannedForEncodings = 0;
			knownRegions = (
				Base,
				en,
				de,
			);
			mainGroup = 9DA0F7AC1B5C3AB800F3BA87;
			productRefGroup = 9DA0F7B61B5C3AB800F3BA87 /* Products */;
			projectDirPath = "";
			projectRoot = "";
			targets = (
				9DA0F7B41B5C3AB800F3BA87 /* Peeree */,
				9D94589D1F2A1B8700EBCB31 /* CommonCrypto */,
			);
		};
/* End PBXProject section */

/* Begin PBXResourcesBuildPhase section */
		9D94589C1F2A1B8700EBCB31 /* Resources */ = {
			isa = PBXResourcesBuildPhase;
			buildActionMask = 2147483647;
			files = (
			);
			runOnlyForDeploymentPostprocessing = 0;
		};
		9DA0F7B31B5C3AB800F3BA87 /* Resources */ = {
			isa = PBXResourcesBuildPhase;
			buildActionMask = 2147483647;
			files = (
				9D1AF3CF204AA2CF00B616AF /* Localizable.strings in Resources */,
				9DCE945A1F30EB8600F31330 /* InAppNotification.xib in Resources */,
				9D08E2D81C4030B30045388A /* BasicDescription.storyboard in Resources */,
				9D33E8F01D418839001CECAB /* FirstLaunch.storyboard in Resources */,
				9DDA3A511D77B6EA00C2ADC8 /* InfoPlist.strings in Resources */,
				9DB3916A2049F6E100543F74 /* Main.storyboard in Resources */,
				9D4D70A71DBA70C90065D23D /* LaunchScreen.storyboard in Resources */,
				9DA0F7C41B5C3AB800F3BA87 /* Images.xcassets in Resources */,
			);
			runOnlyForDeploymentPostprocessing = 0;
		};
/* End PBXResourcesBuildPhase section */

/* Begin PBXSourcesBuildPhase section */
		9D9458991F2A1B8700EBCB31 /* Sources */ = {
			isa = PBXSourcesBuildPhase;
			buildActionMask = 2147483647;
			files = (
			);
			runOnlyForDeploymentPostprocessing = 0;
		};
		9DA0F7B11B5C3AB800F3BA87 /* Sources */ = {
			isa = PBXSourcesBuildPhase;
			buildActionMask = 2147483647;
			files = (
				9D9BC6531E1C6A3D00D031C5 /* PeeringController.swift in Sources */,
				9D883A4A1C26B5A200702F9A /* GenericFunctionsiOS.swift in Sources */,
				9DCB2F3A1D81F9170087CACB /* OnboardingDescriptionViewController.swift in Sources */,
				9D6F7B941BC82AD5007CD234 /* RootView.swift in Sources */,
				9D8A59411B92FABE00164C9F /* FilterViewController.swift in Sources */,
				9D9D02051F2609DA00DC5FC6 /* CharacterTraitViewController.swift in Sources */,
				9D2923251B91D05F00B5B622 /* FirstLaunchViewController.swift in Sources */,
				9DD61F5F1EAE33B6004EB56A /* SwaggerImplementations.swift in Sources */,
				9D8A593B1B92F2B600164C9F /* PeerDescription.swift in Sources */,
				9D9BC6501E1C633600D031C5 /* PeerManager.swift in Sources */,
				9D2923271B91E50B00B5B622 /* SetupViewController.swift in Sources */,
				9D0EA9F31E44DB9000C71312 /* GenericFunctions.swift in Sources */,
				9DDDE1DF1BCC122E006E6DEA /* WelcomeViewController.swift in Sources */,
				9DD61F641EAE33B6004EB56A /* Account.swift in Sources */,
				9DE2E5A01E48E7BC0004DA3E /* ProgressManager.swift in Sources */,
				9DDBD4C81D7BC681008B0CFC /* BeaconViewController.swift in Sources */,
				9D830FC71E59AD17001BF4D9 /* PeereeExtensionsiOS.swift in Sources */,
				9DD61F611EAE33B6004EB56A /* DefaultAPI.swift in Sources */,
				9DAD8F961ECF512F00363016 /* PinPoints.swift in Sources */,
				9DEAE8CC1B640C5A00D4F6BF /* CharacterTrait.swift in Sources */,
				9D9BC64D1E1C604B00D031C5 /* LocalPeerManager.swift in Sources */,
				9D8A593D1B92F96E00164C9F /* BrowseViewController.swift in Sources */,
				9DD61F671EAE33B6004EB56A /* Pin.swift in Sources */,
				9DD61F681EAE33B6004EB56A /* Models.swift in Sources */,
				9DCE945D1F30EC4D00F31330 /* InAppNotificationViewController.swift in Sources */,
				9D2E7F2E1D02120700D5D957 /* PortraitImagePickerController.swift in Sources */,
				9DD61F601EAE33B6004EB56A /* APIHelper.swift in Sources */,
				9D0CDD4D1D557F6C004EB3FB /* PeereeExtensions.swift in Sources */,
				9DD1B42E1EC46FD000A01AEF /* PeerID.swift in Sources */,
				9D400E621EBA2B9C0006480A /* AccountController.swift in Sources */,
				9DCD96DF1ED9FFDC00C5AC3C /* AsymmetricCrypto.swift in Sources */,
				9DDE47C71BA59C5D00DB6EEE /* BrowseFilterSettings.swift in Sources */,
				9DD61F621EAE33B6004EB56A /* APIs.swift in Sources */,
				9DA0F7BB1B5C3AB800F3BA87 /* AppDelegate.swift in Sources */,
				9DD1B42F1EC46FD000A01AEF /* PublicKey.swift in Sources */,
				9D8A59301B92EC4500164C9F /* MeViewController.swift in Sources */,
				9DAAC35C1BD6B7C50039611F /* RemotePeerManager.swift in Sources */,
				9D08E2DA1C4031050045388A /* BasicDescriptionViewController.swift in Sources */,
				9D8A59471B92FED800164C9F /* PersonDetailViewController.swift in Sources */,
				9DCD96E11EDA001E00C5AC3C /* SynchronizedCollections.swift in Sources */,
				9D8A59431B92FB5200164C9F /* SingleSelViewController.swift in Sources */,
				9DD61F631EAE33B6004EB56A /* Extensions.swift in Sources */,
				9D8A594D1B9395F500164C9F /* BasicInfoViewContoller.swift in Sources */,
				9D5E806F1D8EF94C0039BB98 /* PinMatchViewController.swift in Sources */,
				9DD049451C5FC80800A91C71 /* CircleMaskView.swift in Sources */,
				9DFE8A971F33769700264CFE /* NetworkReachability.swift in Sources */,
			);
			runOnlyForDeploymentPostprocessing = 0;
		};
/* End PBXSourcesBuildPhase section */

/* Begin PBXTargetDependency section */
		9D9458A41F2A1B8800EBCB31 /* PBXTargetDependency */ = {
			isa = PBXTargetDependency;
			target = 9D94589D1F2A1B8700EBCB31 /* CommonCrypto */;
			targetProxy = 9D9458A31F2A1B8800EBCB31 /* PBXContainerItemProxy */;
		};
/* End PBXTargetDependency section */

/* Begin PBXVariantGroup section */
		9D1AF3D1204AA2CF00B616AF /* Localizable.strings */ = {
			isa = PBXVariantGroup;
			children = (
				9D1AF3D0204AA2CF00B616AF /* en */,
				9D1AF3D2204AA2E300B616AF /* de */,
			);
			name = Localizable.strings;
			sourceTree = "<group>";
		};
		9D33E8F21D418839001CECAB /* FirstLaunch.storyboard */ = {
			isa = PBXVariantGroup;
			children = (
				9D33E8F11D418839001CECAB /* Base */,
				9D1AF3D3204B008100B616AF /* de */,
				9DCB1445205E9F4F00BF38D1 /* en */,
			);
			name = FirstLaunch.storyboard;
			path = "Peeree/Storyboards/Onboarding Sequence";
			sourceTree = "<group>";
		};
		9DB3916C2049F6E100543F74 /* Main.storyboard */ = {
			isa = PBXVariantGroup;
			children = (
				9DB3916B2049F6E100543F74 /* Base */,
				9DB3916E2049F74C00543F74 /* de */,
				9DCB1447205EA0AF00BF38D1 /* en */,
			);
			name = Main.storyboard;
			path = "Storyboards/Main Storyboard";
			sourceTree = "<group>";
		};
		9DDA3A4F1D77B6EA00C2ADC8 /* InfoPlist.strings */ = {
			isa = PBXVariantGroup;
			children = (
				9DDA3A501D77B6EA00C2ADC8 /* en */,
				9D1AF3CE204A9AEA00B616AF /* de */,
			);
			name = InfoPlist.strings;
			sourceTree = "<group>";
		};
/* End PBXVariantGroup section */

/* Begin XCBuildConfiguration section */
		9D9458A71F2A1B8800EBCB31 /* Debug */ = {
			isa = XCBuildConfiguration;
			baseConfigurationReference = 9D9458AB1F2A1BB000EBCB31 /* CommonCrypto.xcconfig */;
			buildSettings = {
				ALWAYS_SEARCH_USER_PATHS = NO;
				CLANG_ANALYZER_NONNULL = YES;
				CLANG_ANALYZER_NUMBER_OBJECT_CONVERSION = YES_AGGRESSIVE;
				CLANG_CXX_LANGUAGE_STANDARD = "gnu++0x";
				CLANG_CXX_LIBRARY = "libc++";
				CLANG_ENABLE_MODULES = YES;
				CLANG_WARN_DOCUMENTATION_COMMENTS = YES;
				CODE_SIGN_IDENTITY = "iPhone Developer";
				"CODE_SIGN_IDENTITY[sdk=iphoneos*]" = "";
				CURRENT_PROJECT_VERSION = 1;
				DEBUG_INFORMATION_FORMAT = dwarf;
				DEFINES_MODULE = YES;
				DEVELOPMENT_TEAM = 86J6LQ96WM;
				DYLIB_COMPATIBILITY_VERSION = 1;
				DYLIB_CURRENT_VERSION = 1;
				DYLIB_INSTALL_NAME_BASE = "@rpath";
				GCC_C_LANGUAGE_STANDARD = gnu99;
				GCC_DYNAMIC_NO_PIC = NO;
				INFOPLIST_FILE = CommonCrypto/Info.plist;
				INSTALL_PATH = "$(LOCAL_LIBRARY_DIR)/Frameworks";
				IPHONEOS_DEPLOYMENT_TARGET = 10.3;
				LD_RUNPATH_SEARCH_PATHS = "$(inherited) @executable_path/Frameworks @loader_path/Frameworks";
				PRODUCT_BUNDLE_IDENTIFIER = Kobusch.CommonCrypto;
				PRODUCT_NAME = "$(TARGET_NAME)";
				SKIP_INSTALL = YES;
				SWIFT_ACTIVE_COMPILATION_CONDITIONS = DEBUG;
				SWIFT_VERSION = 4.0;
				TARGETED_DEVICE_FAMILY = "1,2";
				VERSIONING_SYSTEM = "apple-generic";
				VERSION_INFO_PREFIX = "";
			};
			name = Debug;
		};
		9D9458A81F2A1B8800EBCB31 /* Release */ = {
			isa = XCBuildConfiguration;
			baseConfigurationReference = 9D9458AB1F2A1BB000EBCB31 /* CommonCrypto.xcconfig */;
			buildSettings = {
				ALWAYS_SEARCH_USER_PATHS = NO;
				CLANG_ANALYZER_NONNULL = YES;
				CLANG_ANALYZER_NUMBER_OBJECT_CONVERSION = YES_AGGRESSIVE;
				CLANG_CXX_LANGUAGE_STANDARD = "gnu++0x";
				CLANG_CXX_LIBRARY = "libc++";
				CLANG_ENABLE_MODULES = YES;
				CLANG_WARN_DOCUMENTATION_COMMENTS = YES;
				CODE_SIGN_IDENTITY = "iPhone Developer";
				"CODE_SIGN_IDENTITY[sdk=iphoneos*]" = "";
				CURRENT_PROJECT_VERSION = 1;
				DEFINES_MODULE = YES;
				DEVELOPMENT_TEAM = 86J6LQ96WM;
				DYLIB_COMPATIBILITY_VERSION = 1;
				DYLIB_CURRENT_VERSION = 1;
				DYLIB_INSTALL_NAME_BASE = "@rpath";
				GCC_C_LANGUAGE_STANDARD = gnu99;
				INFOPLIST_FILE = CommonCrypto/Info.plist;
				INSTALL_PATH = "$(LOCAL_LIBRARY_DIR)/Frameworks";
				IPHONEOS_DEPLOYMENT_TARGET = 10.3;
				LD_RUNPATH_SEARCH_PATHS = "$(inherited) @executable_path/Frameworks @loader_path/Frameworks";
				PRODUCT_BUNDLE_IDENTIFIER = Kobusch.CommonCrypto;
				PRODUCT_NAME = "$(TARGET_NAME)";
				SKIP_INSTALL = YES;
				SWIFT_VERSION = 4.0;
				TARGETED_DEVICE_FAMILY = "1,2";
				VERSIONING_SYSTEM = "apple-generic";
				VERSION_INFO_PREFIX = "";
			};
			name = Release;
		};
		9DA0F7D41B5C3AB900F3BA87 /* Debug */ = {
			isa = XCBuildConfiguration;
			buildSettings = {
				ALWAYS_SEARCH_USER_PATHS = NO;
				CLANG_ANALYZER_LOCALIZABILITY_NONLOCALIZED = YES;
				CLANG_ENABLE_OBJC_ARC = YES;
				CLANG_WARN_BLOCK_CAPTURE_AUTORELEASING = YES;
				CLANG_WARN_BOOL_CONVERSION = YES;
				CLANG_WARN_COMMA = YES;
				CLANG_WARN_CONSTANT_CONVERSION = YES;
				CLANG_WARN_DEPRECATED_OBJC_IMPLEMENTATIONS = YES;
				CLANG_WARN_DIRECT_OBJC_ISA_USAGE = YES_ERROR;
				CLANG_WARN_EMPTY_BODY = YES;
				CLANG_WARN_ENUM_CONVERSION = YES;
				CLANG_WARN_INFINITE_RECURSION = YES;
				CLANG_WARN_INT_CONVERSION = YES;
				CLANG_WARN_NON_LITERAL_NULL_CONVERSION = YES;
				CLANG_WARN_OBJC_IMPLICIT_RETAIN_SELF = YES;
				CLANG_WARN_OBJC_LITERAL_CONVERSION = YES;
				CLANG_WARN_OBJC_ROOT_CLASS = YES_ERROR;
				CLANG_WARN_RANGE_LOOP_ANALYSIS = YES;
				CLANG_WARN_STRICT_PROTOTYPES = YES;
				CLANG_WARN_SUSPICIOUS_MOVE = YES;
				CLANG_WARN_UNREACHABLE_CODE = YES;
				CLANG_WARN__DUPLICATE_METHOD_MATCH = YES;
				COPY_PHASE_STRIP = NO;
				DEBUG_INFORMATION_FORMAT = "dwarf-with-dsym";
				ENABLE_STRICT_OBJC_MSGSEND = YES;
				ENABLE_TESTABILITY = YES;
				GCC_NO_COMMON_BLOCKS = YES;
				GCC_OPTIMIZATION_LEVEL = 0;
				GCC_PREPROCESSOR_DEFINITIONS = (
					"DEBUG=1",
					"$(inherited)",
				);
				GCC_SYMBOLS_PRIVATE_EXTERN = NO;
				GCC_WARN_64_TO_32_BIT_CONVERSION = YES;
				GCC_WARN_ABOUT_RETURN_TYPE = YES_ERROR;
				GCC_WARN_UNDECLARED_SELECTOR = YES;
				GCC_WARN_UNINITIALIZED_AUTOS = YES_AGGRESSIVE;
				GCC_WARN_UNUSED_FUNCTION = YES;
				GCC_WARN_UNUSED_VARIABLE = YES;
				IPHONEOS_DEPLOYMENT_TARGET = 9.0;
				MTL_ENABLE_DEBUG_INFO = YES;
				ONLY_ACTIVE_ARCH = YES;
				SDKROOT = iphoneos;
				SWIFT_OPTIMIZATION_LEVEL = "-Onone";
			};
			name = Debug;
		};
		9DA0F7D51B5C3AB900F3BA87 /* Release */ = {
			isa = XCBuildConfiguration;
			buildSettings = {
				ALWAYS_SEARCH_USER_PATHS = NO;
				CLANG_ANALYZER_LOCALIZABILITY_NONLOCALIZED = YES;
				CLANG_ENABLE_OBJC_ARC = YES;
				CLANG_WARN_BLOCK_CAPTURE_AUTORELEASING = YES;
				CLANG_WARN_BOOL_CONVERSION = YES;
				CLANG_WARN_COMMA = YES;
				CLANG_WARN_CONSTANT_CONVERSION = YES;
				CLANG_WARN_DEPRECATED_OBJC_IMPLEMENTATIONS = YES;
				CLANG_WARN_DIRECT_OBJC_ISA_USAGE = YES_ERROR;
				CLANG_WARN_EMPTY_BODY = YES;
				CLANG_WARN_ENUM_CONVERSION = YES;
				CLANG_WARN_INFINITE_RECURSION = YES;
				CLANG_WARN_INT_CONVERSION = YES;
				CLANG_WARN_NON_LITERAL_NULL_CONVERSION = YES;
				CLANG_WARN_OBJC_IMPLICIT_RETAIN_SELF = YES;
				CLANG_WARN_OBJC_LITERAL_CONVERSION = YES;
				CLANG_WARN_OBJC_ROOT_CLASS = YES_ERROR;
				CLANG_WARN_RANGE_LOOP_ANALYSIS = YES;
				CLANG_WARN_STRICT_PROTOTYPES = YES;
				CLANG_WARN_SUSPICIOUS_MOVE = YES;
				CLANG_WARN_UNREACHABLE_CODE = YES;
				CLANG_WARN__DUPLICATE_METHOD_MATCH = YES;
				"CODE_SIGN_IDENTITY[sdk=iphoneos*]" = "iPhone Developer";
				COPY_PHASE_STRIP = NO;
				DEBUG_INFORMATION_FORMAT = "dwarf-with-dsym";
				ENABLE_NS_ASSERTIONS = NO;
				ENABLE_STRICT_OBJC_MSGSEND = YES;
				GCC_NO_COMMON_BLOCKS = YES;
				GCC_OPTIMIZATION_LEVEL = s;
				GCC_WARN_64_TO_32_BIT_CONVERSION = YES;
				GCC_WARN_ABOUT_RETURN_TYPE = YES_ERROR;
				GCC_WARN_UNDECLARED_SELECTOR = YES;
				GCC_WARN_UNINITIALIZED_AUTOS = YES_AGGRESSIVE;
				GCC_WARN_UNUSED_FUNCTION = YES;
				GCC_WARN_UNUSED_VARIABLE = YES;
				IPHONEOS_DEPLOYMENT_TARGET = 9.0;
				MTL_ENABLE_DEBUG_INFO = NO;
				SDKROOT = iphoneos;
				SWIFT_OPTIMIZATION_LEVEL = "-Owholemodule";
				VALIDATE_PRODUCT = YES;
			};
			name = Release;
		};
		9DA0F7D71B5C3AB900F3BA87 /* Debug */ = {
			isa = XCBuildConfiguration;
			buildSettings = {
				ASSETCATALOG_COMPILER_APPICON_NAME = AppIcon;
				ASSETCATALOG_COMPILER_OPTIMIZATION = time;
				CLANG_ANALYZER_NONNULL = YES;
				CLANG_ANALYZER_SECURITY_FLOATLOOPCOUNTER = YES;
				CLANG_ANALYZER_SECURITY_INSECUREAPI_RAND = YES;
				CLANG_ANALYZER_SECURITY_INSECUREAPI_STRCPY = YES;
				CODE_SIGN_IDENTITY = "iPhone Developer";
				"CODE_SIGN_IDENTITY[sdk=iphoneos*]" = "iPhone Developer";
				CODE_SIGN_STYLE = Automatic;
				DEVELOPMENT_TEAM = 86J6LQ96WM;
				ENABLE_ON_DEMAND_RESOURCES = NO;
				INFOPLIST_FILE = Peeree/Info.plist;
				LD_RUNPATH_SEARCH_PATHS = "$(inherited) @executable_path/Frameworks";
				LLVM_LTO = YES_THIN;
				PRODUCT_BUNDLE_IDENTIFIER = "Kobusch.$(PRODUCT_NAME:rfc1034identifier)";
				PRODUCT_NAME = "$(TARGET_NAME)";
				PROVISIONING_PROFILE = "";
				PROVISIONING_PROFILE_SPECIFIER = "";
				SWIFT_VERSION = 4.0;
			};
			name = Debug;
		};
		9DA0F7D81B5C3AB900F3BA87 /* Release */ = {
			isa = XCBuildConfiguration;
			buildSettings = {
				ASSETCATALOG_COMPILER_APPICON_NAME = AppIcon;
				ASSETCATALOG_COMPILER_OPTIMIZATION = "";
				CLANG_ANALYZER_NONNULL = YES;
				CLANG_ANALYZER_SECURITY_FLOATLOOPCOUNTER = YES;
				CLANG_ANALYZER_SECURITY_INSECUREAPI_RAND = YES;
				CLANG_ANALYZER_SECURITY_INSECUREAPI_STRCPY = YES;
				CLANG_USE_OPTIMIZATION_PROFILE = YES;
				CODE_SIGN_IDENTITY = "iPhone Developer";
				"CODE_SIGN_IDENTITY[sdk=iphoneos*]" = "iPhone Developer";
				CODE_SIGN_STYLE = Automatic;
				DEVELOPMENT_TEAM = 86J6LQ96WM;
				ENABLE_ON_DEMAND_RESOURCES = NO;
				GCC_OPTIMIZATION_LEVEL = fast;
				GCC_UNROLL_LOOPS = YES;
				INFOPLIST_FILE = Peeree/Info.plist;
				LD_RUNPATH_SEARCH_PATHS = "$(inherited) @executable_path/Frameworks";
				LLVM_LTO = YES_THIN;
				PRODUCT_BUNDLE_IDENTIFIER = "Kobusch.$(PRODUCT_NAME:rfc1034identifier)";
				PRODUCT_NAME = "$(TARGET_NAME)";
				PROVISIONING_PROFILE = "";
				PROVISIONING_PROFILE_SPECIFIER = "";
				SWIFT_OPTIMIZATION_LEVEL = "-Owholemodule";
				SWIFT_VERSION = 4.0;
			};
			name = Release;
		};
/* End XCBuildConfiguration section */

/* Begin XCConfigurationList section */
		9D9458A91F2A1B8800EBCB31 /* Build configuration list for PBXNativeTarget "CommonCrypto" */ = {
			isa = XCConfigurationList;
			buildConfigurations = (
				9D9458A71F2A1B8800EBCB31 /* Debug */,
				9D9458A81F2A1B8800EBCB31 /* Release */,
			);
			defaultConfigurationIsVisible = 0;
			defaultConfigurationName = Release;
		};
		9DA0F7B01B5C3AB800F3BA87 /* Build configuration list for PBXProject "Peeree" */ = {
			isa = XCConfigurationList;
			buildConfigurations = (
				9DA0F7D41B5C3AB900F3BA87 /* Debug */,
				9DA0F7D51B5C3AB900F3BA87 /* Release */,
			);
			defaultConfigurationIsVisible = 0;
			defaultConfigurationName = Release;
		};
		9DA0F7D61B5C3AB900F3BA87 /* Build configuration list for PBXNativeTarget "Peeree" */ = {
			isa = XCConfigurationList;
			buildConfigurations = (
				9DA0F7D71B5C3AB900F3BA87 /* Debug */,
				9DA0F7D81B5C3AB900F3BA87 /* Release */,
			);
			defaultConfigurationIsVisible = 0;
			defaultConfigurationName = Release;
		};
/* End XCConfigurationList section */
	};
	rootObject = 9DA0F7AD1B5C3AB800F3BA87 /* Project object */;
}
