// !$*UTF8*$!
{
	archiveVersion = 1;
	classes = {
	};
	objectVersion = 46;
	objects = {

/* Begin PBXBuildFile section */
		9D08E2D81C4030B30045388A /* BasicDescription.storyboard in Resources */ = {isa = PBXBuildFile; fileRef = 9D08E2D71C4030B30045388A /* BasicDescription.storyboard */; };
		9D08E2DA1C4031050045388A /* BasicDescriptionViewController.swift in Sources */ = {isa = PBXBuildFile; fileRef = 9D08E2D91C4031050045388A /* BasicDescriptionViewController.swift */; };
		9D08E2DB1C40325E0045388A /* BasicDescriptionViewController.swift in Sources */ = {isa = PBXBuildFile; fileRef = 9D08E2D91C4031050045388A /* BasicDescriptionViewController.swift */; };
		9D0CDD4D1D557F6C004EB3FB /* PeereeExtensions.swift in Sources */ = {isa = PBXBuildFile; fileRef = 9D0CDD4C1D557F6C004EB3FB /* PeereeExtensions.swift */; };
		9D0CDD4E1D557F6C004EB3FB /* PeereeExtensions.swift in Sources */ = {isa = PBXBuildFile; fileRef = 9D0CDD4C1D557F6C004EB3FB /* PeereeExtensions.swift */; };
		9D2923251B91D05F00B5B622 /* FirstLaunchViewController.swift in Sources */ = {isa = PBXBuildFile; fileRef = 9D2923241B91D05F00B5B622 /* FirstLaunchViewController.swift */; };
		9D2923271B91E50B00B5B622 /* SetupViewController.swift in Sources */ = {isa = PBXBuildFile; fileRef = 9D2923261B91E50B00B5B622 /* SetupViewController.swift */; };
		9D2E7F2E1D02120700D5D957 /* PortraitImagePickerController.swift in Sources */ = {isa = PBXBuildFile; fileRef = 9D2E7F2D1D02120700D5D957 /* PortraitImagePickerController.swift */; };
		9D2E7F2F1D02120700D5D957 /* PortraitImagePickerController.swift in Sources */ = {isa = PBXBuildFile; fileRef = 9D2E7F2D1D02120700D5D957 /* PortraitImagePickerController.swift */; };
		9D33E8F01D418839001CECAB /* FirstLaunch.storyboard in Resources */ = {isa = PBXBuildFile; fileRef = 9D33E8F21D418839001CECAB /* FirstLaunch.storyboard */; };
		9D3839581D2B122C00028DC2 /* SampleAssets.xcassets in Resources */ = {isa = PBXBuildFile; fileRef = 9D3839571D2B122C00028DC2 /* SampleAssets.xcassets */; };
		9D41E11E1D5E903A0042FB63 /* Localizable.strings in Resources */ = {isa = PBXBuildFile; fileRef = 9D41E11D1D5E903A0042FB63 /* Localizable.strings */; };
		9D6431121D5FB47200D81CB7 /* InAppPurchaseController.swift in Sources */ = {isa = PBXBuildFile; fileRef = 9D6431111D5FB47200D81CB7 /* InAppPurchaseController.swift */; };
		9D6431131D5FB47200D81CB7 /* InAppPurchaseController.swift in Sources */ = {isa = PBXBuildFile; fileRef = 9D6431111D5FB47200D81CB7 /* InAppPurchaseController.swift */; };
		9D6431151D5FB5E400D81CB7 /* product_ids.plist in Resources */ = {isa = PBXBuildFile; fileRef = 9D6431141D5FB5E400D81CB7 /* product_ids.plist */; };
		9D6431161D5FB5E400D81CB7 /* product_ids.plist in Resources */ = {isa = PBXBuildFile; fileRef = 9D6431141D5FB5E400D81CB7 /* product_ids.plist */; };
		9D680DC11C3ACD8A009D34D9 /* DateSelViewController.swift in Sources */ = {isa = PBXBuildFile; fileRef = 9D680DC01C3ACD8A009D34D9 /* DateSelViewController.swift */; };
		9D680DC21C3ACD8A009D34D9 /* DateSelViewController.swift in Sources */ = {isa = PBXBuildFile; fileRef = 9D680DC01C3ACD8A009D34D9 /* DateSelViewController.swift */; };
		9D6F7B941BC82AD5007CD234 /* RootView.swift in Sources */ = {isa = PBXBuildFile; fileRef = 9D6F7B931BC82AD5007CD234 /* RootView.swift */; };
		9D726FE11C6509EE007F3C14 /* MCSessionMock.swift in Sources */ = {isa = PBXBuildFile; fileRef = 9D726FE01C6509EE007F3C14 /* MCSessionMock.swift */; };
		9D726FE21C6509EE007F3C14 /* MCSessionMock.swift in Sources */ = {isa = PBXBuildFile; fileRef = 9D726FE01C6509EE007F3C14 /* MCSessionMock.swift */; };
		9D883A4A1C26B5A200702F9A /* GenericFunctions.swift in Sources */ = {isa = PBXBuildFile; fileRef = 9D883A491C26B5A200702F9A /* GenericFunctions.swift */; };
		9D883A4B1C26B64A00702F9A /* GenericFunctions.swift in Sources */ = {isa = PBXBuildFile; fileRef = 9D883A491C26B5A200702F9A /* GenericFunctions.swift */; };
		9D8A592E1B92EC3F00164C9F /* CharacterTraitViewController.swift in Sources */ = {isa = PBXBuildFile; fileRef = 9D8A592D1B92EC3F00164C9F /* CharacterTraitViewController.swift */; };
		9D8A59301B92EC4500164C9F /* MeViewController.swift in Sources */ = {isa = PBXBuildFile; fileRef = 9D8A592F1B92EC4500164C9F /* MeViewController.swift */; };
		9D8A59361B92F17E00164C9F /* Main.storyboard in Resources */ = {isa = PBXBuildFile; fileRef = 9DA0F7C01B5C3AB800F3BA87 /* Main.storyboard */; };
		9D8A59371B92F18200164C9F /* LaunchScreen.xib in Resources */ = {isa = PBXBuildFile; fileRef = 9DA0F7C51B5C3AB800F3BA87 /* LaunchScreen.xib */; };
		9D8A593B1B92F2B600164C9F /* PeerDescription.swift in Sources */ = {isa = PBXBuildFile; fileRef = 9D8A593A1B92F2B600164C9F /* PeerDescription.swift */; };
		9D8A593D1B92F96E00164C9F /* BrowseViewController.swift in Sources */ = {isa = PBXBuildFile; fileRef = 9D8A593C1B92F96E00164C9F /* BrowseViewController.swift */; };
		9D8A593F1B92FA4900164C9F /* BrowseSettingsViewController.swift in Sources */ = {isa = PBXBuildFile; fileRef = 9D8A593E1B92FA4900164C9F /* BrowseSettingsViewController.swift */; };
		9D8A59411B92FABE00164C9F /* FilterViewController.swift in Sources */ = {isa = PBXBuildFile; fileRef = 9D8A59401B92FABE00164C9F /* FilterViewController.swift */; };
		9D8A59431B92FB5200164C9F /* SingleSelViewController.swift in Sources */ = {isa = PBXBuildFile; fileRef = 9D8A59421B92FB5200164C9F /* SingleSelViewController.swift */; };
		9D8A59471B92FED800164C9F /* PersonDetailViewController.swift in Sources */ = {isa = PBXBuildFile; fileRef = 9D8A59461B92FED800164C9F /* PersonDetailViewController.swift */; };
		9D8A594B1B93043000164C9F /* PinsViewController.swift in Sources */ = {isa = PBXBuildFile; fileRef = 9D8A594A1B93043000164C9F /* PinsViewController.swift */; };
		9D8A594D1B9395F500164C9F /* BasicInfoViewContoller.swift in Sources */ = {isa = PBXBuildFile; fileRef = 9D8A594C1B9395F500164C9F /* BasicInfoViewContoller.swift */; };
		9DA039821C1B21EE003D1624 /* ShopViewController.swift in Sources */ = {isa = PBXBuildFile; fileRef = 9DA039811C1B21EE003D1624 /* ShopViewController.swift */; };
		9DA039841C1B257C003D1624 /* WalletController.swift in Sources */ = {isa = PBXBuildFile; fileRef = 9DA039831C1B257C003D1624 /* WalletController.swift */; };
		9DA0F7BB1B5C3AB800F3BA87 /* AppDelegate.swift in Sources */ = {isa = PBXBuildFile; fileRef = 9DA0F7BA1B5C3AB800F3BA87 /* AppDelegate.swift */; };
		9DA0F7C41B5C3AB800F3BA87 /* Images.xcassets in Resources */ = {isa = PBXBuildFile; fileRef = 9DA0F7C31B5C3AB800F3BA87 /* Images.xcassets */; };
		9DA0F7D31B5C3AB900F3BA87 /* PeereeTests.swift in Sources */ = {isa = PBXBuildFile; fileRef = 9DA0F7D21B5C3AB900F3BA87 /* PeereeTests.swift */; };
		9DA93EE51D5D501100607D9B /* SessionHandlers.swift in Sources */ = {isa = PBXBuildFile; fileRef = 9DA93EE41D5D501100607D9B /* SessionHandlers.swift */; };
		9DA93EE61D5D62E600607D9B /* SessionHandlers.swift in Sources */ = {isa = PBXBuildFile; fileRef = 9DA93EE41D5D501100607D9B /* SessionHandlers.swift */; };
		9DAAC35C1BD6B7C50039611F /* RemotePeerManager.swift in Sources */ = {isa = PBXBuildFile; fileRef = 9DAAC35B1BD6B7C50039611F /* RemotePeerManager.swift */; };
		9DCB2F3A1D81F9170087CACB /* OnboardingDescriptionViewController.swift in Sources */ = {isa = PBXBuildFile; fileRef = 9DCB2F391D81F9170087CACB /* OnboardingDescriptionViewController.swift */; };
		9DCB2F3B1D81F9170087CACB /* OnboardingDescriptionViewController.swift in Sources */ = {isa = PBXBuildFile; fileRef = 9DCB2F391D81F9170087CACB /* OnboardingDescriptionViewController.swift */; };
		9DD049451C5FC80800A91C71 /* CircleMaskView.swift in Sources */ = {isa = PBXBuildFile; fileRef = 9DD049441C5FC80800A91C71 /* CircleMaskView.swift */; };
		9DD049461C5FC80800A91C71 /* CircleMaskView.swift in Sources */ = {isa = PBXBuildFile; fileRef = 9DD049441C5FC80800A91C71 /* CircleMaskView.swift */; };
		9DD049491C5FD57F00A91C71 /* MCNearbyServiceBrowserMock.swift in Sources */ = {isa = PBXBuildFile; fileRef = 9DD049481C5FD57F00A91C71 /* MCNearbyServiceBrowserMock.swift */; };
		9DD0494A1C5FD57F00A91C71 /* MCNearbyServiceBrowserMock.swift in Sources */ = {isa = PBXBuildFile; fileRef = 9DD049481C5FD57F00A91C71 /* MCNearbyServiceBrowserMock.swift */; };
		9DDA3A511D77B6EA00C2ADC8 /* InfoPlist.strings in Resources */ = {isa = PBXBuildFile; fileRef = 9DDA3A4F1D77B6EA00C2ADC8 /* InfoPlist.strings */; };
		9DDA3A521D77B6EA00C2ADC8 /* InfoPlist.strings in Resources */ = {isa = PBXBuildFile; fileRef = 9DDA3A4F1D77B6EA00C2ADC8 /* InfoPlist.strings */; };
		9DDBD4C81D7BC681008B0CFC /* BeaconViewController.swift in Sources */ = {isa = PBXBuildFile; fileRef = 9DDBD4C71D7BC681008B0CFC /* BeaconViewController.swift */; };
		9DDBD4C91D7BC681008B0CFC /* BeaconViewController.swift in Sources */ = {isa = PBXBuildFile; fileRef = 9DDBD4C71D7BC681008B0CFC /* BeaconViewController.swift */; };
		9DDD0D311C24BBA1009A518F /* BrowseSettingsViewController.swift in Sources */ = {isa = PBXBuildFile; fileRef = 9D8A593E1B92FA4900164C9F /* BrowseSettingsViewController.swift */; };
		9DDD0D321C24BBA1009A518F /* BrowseViewController.swift in Sources */ = {isa = PBXBuildFile; fileRef = 9D8A593C1B92F96E00164C9F /* BrowseViewController.swift */; };
		9DDD0D331C24BBA1009A518F /* CharacterTraitViewController.swift in Sources */ = {isa = PBXBuildFile; fileRef = 9D8A592D1B92EC3F00164C9F /* CharacterTraitViewController.swift */; };
		9DDD0D341C24BBA1009A518F /* FilterViewController.swift in Sources */ = {isa = PBXBuildFile; fileRef = 9D8A59401B92FABE00164C9F /* FilterViewController.swift */; };
		9DDD0D351C24BBA1009A518F /* MeViewController.swift in Sources */ = {isa = PBXBuildFile; fileRef = 9D8A592F1B92EC4500164C9F /* MeViewController.swift */; };
		9DDD0D371C24BBA1009A518F /* PersonDetailViewController.swift in Sources */ = {isa = PBXBuildFile; fileRef = 9D8A59461B92FED800164C9F /* PersonDetailViewController.swift */; };
		9DDD0D381C24BBA1009A518F /* PinsViewController.swift in Sources */ = {isa = PBXBuildFile; fileRef = 9D8A594A1B93043000164C9F /* PinsViewController.swift */; };
		9DDD0D391C24BBA1009A518F /* SingleSelViewController.swift in Sources */ = {isa = PBXBuildFile; fileRef = 9D8A59421B92FB5200164C9F /* SingleSelViewController.swift */; };
		9DDD0D3A1C24BBA1009A518F /* ShopViewController.swift in Sources */ = {isa = PBXBuildFile; fileRef = 9DA039811C1B21EE003D1624 /* ShopViewController.swift */; };
		9DDD0D401C24BBA5009A518F /* RemotePeerManager.swift in Sources */ = {isa = PBXBuildFile; fileRef = 9DAAC35B1BD6B7C50039611F /* RemotePeerManager.swift */; };
		9DDD0D411C24BBA5009A518F /* WalletController.swift in Sources */ = {isa = PBXBuildFile; fileRef = 9DA039831C1B257C003D1624 /* WalletController.swift */; };
		9DDD0D421C24BBA9009A518F /* PeerDescription.swift in Sources */ = {isa = PBXBuildFile; fileRef = 9D8A593A1B92F2B600164C9F /* PeerDescription.swift */; };
		9DDD0D431C24BBA9009A518F /* DisplayName.swift in Sources */ = {isa = PBXBuildFile; fileRef = 9DEAE8C91B63ED4B00D4F6BF /* DisplayName.swift */; };
		9DDD0D441C24BBA9009A518F /* CharacterTrait.swift in Sources */ = {isa = PBXBuildFile; fileRef = 9DEAE8CB1B640C5A00D4F6BF /* CharacterTrait.swift */; };
		9DDD0D451C24BBA9009A518F /* HideableProperty.swift in Sources */ = {isa = PBXBuildFile; fileRef = 9DEAE8CD1B6415EF00D4F6BF /* HideableProperty.swift */; };
		9DDD0D461C24BBA9009A518F /* BrowseFilterSettings.swift in Sources */ = {isa = PBXBuildFile; fileRef = 9DDE47C61BA59C5D00DB6EEE /* BrowseFilterSettings.swift */; };
		9DDD0D481C24BBAF009A518F /* BasicInfoViewContoller.swift in Sources */ = {isa = PBXBuildFile; fileRef = 9D8A594C1B9395F500164C9F /* BasicInfoViewContoller.swift */; };
		9DDD0D491C24BBAF009A518F /* RootView.swift in Sources */ = {isa = PBXBuildFile; fileRef = 9D6F7B931BC82AD5007CD234 /* RootView.swift */; };
		9DDD0D4A1C24BBAF009A518F /* AppDelegate.swift in Sources */ = {isa = PBXBuildFile; fileRef = 9DA0F7BA1B5C3AB800F3BA87 /* AppDelegate.swift */; };
		9DDDE1DF1BCC122E006E6DEA /* WelcomeViewController.swift in Sources */ = {isa = PBXBuildFile; fileRef = 9DDDE1DE1BCC122E006E6DEA /* WelcomeViewController.swift */; };
		9DDE47C71BA59C5D00DB6EEE /* BrowseFilterSettings.swift in Sources */ = {isa = PBXBuildFile; fileRef = 9DDE47C61BA59C5D00DB6EEE /* BrowseFilterSettings.swift */; };
		9DEAE8CA1B63ED4B00D4F6BF /* DisplayName.swift in Sources */ = {isa = PBXBuildFile; fileRef = 9DEAE8C91B63ED4B00D4F6BF /* DisplayName.swift */; };
		9DEAE8CC1B640C5A00D4F6BF /* CharacterTrait.swift in Sources */ = {isa = PBXBuildFile; fileRef = 9DEAE8CB1B640C5A00D4F6BF /* CharacterTrait.swift */; };
		9DEAE8CE1B6415EF00D4F6BF /* HideableProperty.swift in Sources */ = {isa = PBXBuildFile; fileRef = 9DEAE8CD1B6415EF00D4F6BF /* HideableProperty.swift */; };
/* End PBXBuildFile section */

/* Begin PBXContainerItemProxy section */
		9DA0F7CD1B5C3AB900F3BA87 /* PBXContainerItemProxy */ = {
			isa = PBXContainerItemProxy;
			containerPortal = 9DA0F7AD1B5C3AB800F3BA87 /* Project object */;
			proxyType = 1;
			remoteGlobalIDString = 9DA0F7B41B5C3AB800F3BA87;
			remoteInfo = Peeree;
		};
/* End PBXContainerItemProxy section */

/* Begin PBXFileReference section */
		9D08E2D71C4030B30045388A /* BasicDescription.storyboard */ = {isa = PBXFileReference; fileEncoding = 4; lastKnownFileType = file.storyboard; name = BasicDescription.storyboard; path = Peeree/Storyboards/Common/BasicDescription.storyboard; sourceTree = "<group>"; };
		9D08E2D91C4031050045388A /* BasicDescriptionViewController.swift */ = {isa = PBXFileReference; fileEncoding = 4; lastKnownFileType = sourcecode.swift; name = BasicDescriptionViewController.swift; path = Peeree/Storyboards/Common/BasicDescriptionViewController.swift; sourceTree = "<group>"; };
		9D0CDD4C1D557F6C004EB3FB /* PeereeExtensions.swift */ = {isa = PBXFileReference; fileEncoding = 4; lastKnownFileType = sourcecode.swift; name = PeereeExtensions.swift; path = Peeree/Helpers/PeereeExtensions.swift; sourceTree = "<group>"; };
		9D2923241B91D05F00B5B622 /* FirstLaunchViewController.swift */ = {isa = PBXFileReference; lastKnownFileType = sourcecode.swift; name = FirstLaunchViewController.swift; path = "Peeree/Storyboards/Onboarding Sequence/FirstLaunchViewController.swift"; sourceTree = "<group>"; };
		9D2923261B91E50B00B5B622 /* SetupViewController.swift */ = {isa = PBXFileReference; lastKnownFileType = sourcecode.swift; name = SetupViewController.swift; path = "Peeree/Storyboards/Onboarding Sequence/SetupViewController.swift"; sourceTree = "<group>"; };
		9D2E7F2D1D02120700D5D957 /* PortraitImagePickerController.swift */ = {isa = PBXFileReference; fileEncoding = 4; lastKnownFileType = sourcecode.swift; name = PortraitImagePickerController.swift; path = Peeree/Storyboards/Common/PortraitImagePickerController.swift; sourceTree = "<group>"; };
		9D33E8F11D418839001CECAB /* Base */ = {isa = PBXFileReference; lastKnownFileType = file.storyboard; name = Base; path = Base.lproj/FirstLaunch.storyboard; sourceTree = "<group>"; };
		9D3839571D2B122C00028DC2 /* SampleAssets.xcassets */ = {isa = PBXFileReference; lastKnownFileType = folder.assetcatalog; path = SampleAssets.xcassets; sourceTree = "<group>"; };
		9D41E11D1D5E903A0042FB63 /* Localizable.strings */ = {isa = PBXFileReference; fileEncoding = 4; lastKnownFileType = text.plist.strings; path = Localizable.strings; sourceTree = "<group>"; };
		9D482D8F1D5E925C00B5022A /* en */ = {isa = PBXFileReference; lastKnownFileType = text.plist.strings; name = en; path = en.lproj/FirstLaunch.strings; sourceTree = "<group>"; };
		9D482D911D5E925C00B5022A /* en */ = {isa = PBXFileReference; lastKnownFileType = text.plist.strings; name = en; path = en.lproj/LaunchScreen.strings; sourceTree = "<group>"; };
		9D482D941D5ED2ED00B5022A /* en */ = {isa = PBXFileReference; lastKnownFileType = text.plist.strings; name = en; path = en.lproj/Main.strings; sourceTree = "<group>"; };
		9D49DB291BEA92E100F9583E /* PeereePurchasement.swift */ = {isa = PBXFileReference; fileEncoding = 4; lastKnownFileType = sourcecode.swift; name = PeereePurchasement.swift; path = Model/PeereePurchasement.swift; sourceTree = "<group>"; };
		9D6431111D5FB47200D81CB7 /* InAppPurchaseController.swift */ = {isa = PBXFileReference; fileEncoding = 4; lastKnownFileType = sourcecode.swift; name = InAppPurchaseController.swift; path = Controller/InAppPurchaseController.swift; sourceTree = "<group>"; };
		9D6431141D5FB5E400D81CB7 /* product_ids.plist */ = {isa = PBXFileReference; fileEncoding = 4; lastKnownFileType = text.plist.xml; name = product_ids.plist; path = Ressources/product_ids.plist; sourceTree = "<group>"; };
		9D680DC01C3ACD8A009D34D9 /* DateSelViewController.swift */ = {isa = PBXFileReference; fileEncoding = 4; lastKnownFileType = sourcecode.swift; name = DateSelViewController.swift; path = "Storyboards/Main Storyboard/DateSelViewController.swift"; sourceTree = "<group>"; };
		9D6F7B931BC82AD5007CD234 /* RootView.swift */ = {isa = PBXFileReference; fileEncoding = 4; lastKnownFileType = sourcecode.swift; name = RootView.swift; path = View/RootView.swift; sourceTree = "<group>"; };
		9D726FE01C6509EE007F3C14 /* MCSessionMock.swift */ = {isa = PBXFileReference; fileEncoding = 4; lastKnownFileType = sourcecode.swift; name = MCSessionMock.swift; path = Helpers/Mocks/MCSessionMock.swift; sourceTree = "<group>"; };
		9D883A491C26B5A200702F9A /* GenericFunctions.swift */ = {isa = PBXFileReference; fileEncoding = 4; lastKnownFileType = sourcecode.swift; name = GenericFunctions.swift; path = Peeree/Helpers/GenericFunctions.swift; sourceTree = "<group>"; };
		9D8A592D1B92EC3F00164C9F /* CharacterTraitViewController.swift */ = {isa = PBXFileReference; fileEncoding = 4; lastKnownFileType = sourcecode.swift; name = CharacterTraitViewController.swift; path = "Storyboards/Main Storyboard/CharacterTraitViewController.swift"; sourceTree = "<group>"; };
		9D8A592F1B92EC4500164C9F /* MeViewController.swift */ = {isa = PBXFileReference; fileEncoding = 4; lastKnownFileType = sourcecode.swift; name = MeViewController.swift; path = "Storyboards/Main Storyboard/MeViewController.swift"; sourceTree = "<group>"; };
		9D8A593A1B92F2B600164C9F /* PeerDescription.swift */ = {isa = PBXFileReference; fileEncoding = 4; lastKnownFileType = sourcecode.swift; name = PeerDescription.swift; path = Model/PeerDescription.swift; sourceTree = "<group>"; };
		9D8A593C1B92F96E00164C9F /* BrowseViewController.swift */ = {isa = PBXFileReference; fileEncoding = 4; lastKnownFileType = sourcecode.swift; name = BrowseViewController.swift; path = "Storyboards/Main Storyboard/BrowseViewController.swift"; sourceTree = "<group>"; };
		9D8A593E1B92FA4900164C9F /* BrowseSettingsViewController.swift */ = {isa = PBXFileReference; fileEncoding = 4; lastKnownFileType = sourcecode.swift; name = BrowseSettingsViewController.swift; path = "Storyboards/Main Storyboard/BrowseSettingsViewController.swift"; sourceTree = "<group>"; };
		9D8A59401B92FABE00164C9F /* FilterViewController.swift */ = {isa = PBXFileReference; fileEncoding = 4; lastKnownFileType = sourcecode.swift; name = FilterViewController.swift; path = "Storyboards/Main Storyboard/FilterViewController.swift"; sourceTree = "<group>"; };
		9D8A59421B92FB5200164C9F /* SingleSelViewController.swift */ = {isa = PBXFileReference; fileEncoding = 4; lastKnownFileType = sourcecode.swift; name = SingleSelViewController.swift; path = "Storyboards/Main Storyboard/SingleSelViewController.swift"; sourceTree = "<group>"; };
		9D8A59461B92FED800164C9F /* PersonDetailViewController.swift */ = {isa = PBXFileReference; fileEncoding = 4; lastKnownFileType = sourcecode.swift; name = PersonDetailViewController.swift; path = "Storyboards/Main Storyboard/PersonDetailViewController.swift"; sourceTree = "<group>"; };
		9D8A594A1B93043000164C9F /* PinsViewController.swift */ = {isa = PBXFileReference; fileEncoding = 4; lastKnownFileType = sourcecode.swift; name = PinsViewController.swift; path = "Storyboards/Main Storyboard/PinsViewController.swift"; sourceTree = "<group>"; };
		9D8A594C1B9395F500164C9F /* BasicInfoViewContoller.swift */ = {isa = PBXFileReference; fileEncoding = 4; lastKnownFileType = sourcecode.swift; name = BasicInfoViewContoller.swift; path = "Storyboards/Onboarding Sequence/BasicInfoViewContoller.swift"; sourceTree = "<group>"; };
		9D9CA0E21CF7399900C2885D /* CoreFoundation.framework */ = {isa = PBXFileReference; lastKnownFileType = wrapper.framework; name = CoreFoundation.framework; path = System/Library/Frameworks/CoreFoundation.framework; sourceTree = SDKROOT; };
		9DA039811C1B21EE003D1624 /* ShopViewController.swift */ = {isa = PBXFileReference; fileEncoding = 4; lastKnownFileType = sourcecode.swift; name = ShopViewController.swift; path = "Storyboards/Main Storyboard/ShopViewController.swift"; sourceTree = "<group>"; };
		9DA039831C1B257C003D1624 /* WalletController.swift */ = {isa = PBXFileReference; fileEncoding = 4; lastKnownFileType = sourcecode.swift; name = WalletController.swift; path = Controller/WalletController.swift; sourceTree = "<group>"; };
		9DA0F7B51B5C3AB800F3BA87 /* Peeree.app */ = {isa = PBXFileReference; explicitFileType = wrapper.application; includeInIndex = 0; path = Peeree.app; sourceTree = BUILT_PRODUCTS_DIR; };
		9DA0F7B91B5C3AB800F3BA87 /* Info.plist */ = {isa = PBXFileReference; lastKnownFileType = text.plist.xml; path = Info.plist; sourceTree = "<group>"; };
		9DA0F7BA1B5C3AB800F3BA87 /* AppDelegate.swift */ = {isa = PBXFileReference; lastKnownFileType = sourcecode.swift; path = AppDelegate.swift; sourceTree = "<group>"; };
		9DA0F7C11B5C3AB800F3BA87 /* Base */ = {isa = PBXFileReference; lastKnownFileType = file.storyboard; name = Base; path = Base.lproj/Main.storyboard; sourceTree = "<group>"; };
		9DA0F7C31B5C3AB800F3BA87 /* Images.xcassets */ = {isa = PBXFileReference; lastKnownFileType = folder.assetcatalog; path = Images.xcassets; sourceTree = "<group>"; };
		9DA0F7C61B5C3AB800F3BA87 /* Base */ = {isa = PBXFileReference; lastKnownFileType = file.xib; name = Base; path = Base.lproj/LaunchScreen.xib; sourceTree = "<group>"; };
		9DA0F7CC1B5C3AB900F3BA87 /* PeereeTests.xctest */ = {isa = PBXFileReference; explicitFileType = wrapper.cfbundle; includeInIndex = 0; path = PeereeTests.xctest; sourceTree = BUILT_PRODUCTS_DIR; };
		9DA0F7D11B5C3AB900F3BA87 /* Info.plist */ = {isa = PBXFileReference; lastKnownFileType = text.plist.xml; path = Info.plist; sourceTree = "<group>"; };
		9DA0F7D21B5C3AB900F3BA87 /* PeereeTests.swift */ = {isa = PBXFileReference; lastKnownFileType = sourcecode.swift; path = PeereeTests.swift; sourceTree = "<group>"; };
		9DA93EE41D5D501100607D9B /* SessionHandlers.swift */ = {isa = PBXFileReference; fileEncoding = 4; lastKnownFileType = sourcecode.swift; name = SessionHandlers.swift; path = Controller/SessionHandlers.swift; sourceTree = "<group>"; };
		9DAAC35B1BD6B7C50039611F /* RemotePeerManager.swift */ = {isa = PBXFileReference; fileEncoding = 4; lastKnownFileType = sourcecode.swift; name = RemotePeerManager.swift; path = Controller/RemotePeerManager.swift; sourceTree = "<group>"; };
		9DCB2F391D81F9170087CACB /* OnboardingDescriptionViewController.swift */ = {isa = PBXFileReference; fileEncoding = 4; lastKnownFileType = sourcecode.swift; name = OnboardingDescriptionViewController.swift; path = "Peeree/Storyboards/Onboarding Sequence/OnboardingDescriptionViewController.swift"; sourceTree = "<group>"; };
		9DCFFD881C1DC3D4004687FB /* RemotePeerManagerTests.swift */ = {isa = PBXFileReference; fileEncoding = 4; lastKnownFileType = sourcecode.swift; path = RemotePeerManagerTests.swift; sourceTree = "<group>"; };
		9DD049441C5FC80800A91C71 /* CircleMaskView.swift */ = {isa = PBXFileReference; fileEncoding = 4; lastKnownFileType = sourcecode.swift; name = CircleMaskView.swift; path = View/CircleMaskView.swift; sourceTree = "<group>"; };
		9DD049481C5FD57F00A91C71 /* MCNearbyServiceBrowserMock.swift */ = {isa = PBXFileReference; fileEncoding = 4; lastKnownFileType = sourcecode.swift; name = MCNearbyServiceBrowserMock.swift; path = Helpers/Mocks/MCNearbyServiceBrowserMock.swift; sourceTree = "<group>"; };
		9DDA3A501D77B6EA00C2ADC8 /* en */ = {isa = PBXFileReference; lastKnownFileType = text.plist.strings; name = en; path = en.lproj/InfoPlist.strings; sourceTree = "<group>"; };
		9DDBD4C71D7BC681008B0CFC /* BeaconViewController.swift */ = {isa = PBXFileReference; fileEncoding = 4; lastKnownFileType = sourcecode.swift; name = BeaconViewController.swift; path = "Storyboards/Main Storyboard/BeaconViewController.swift"; sourceTree = "<group>"; };
		9DDDE1DE1BCC122E006E6DEA /* WelcomeViewController.swift */ = {isa = PBXFileReference; fileEncoding = 4; lastKnownFileType = sourcecode.swift; name = WelcomeViewController.swift; path = "Peeree/Storyboards/Onboarding Sequence/WelcomeViewController.swift"; sourceTree = "<group>"; };
		9DDE47C61BA59C5D00DB6EEE /* BrowseFilterSettings.swift */ = {isa = PBXFileReference; fileEncoding = 4; lastKnownFileType = sourcecode.swift; name = BrowseFilterSettings.swift; path = Model/BrowseFilterSettings.swift; sourceTree = "<group>"; };
		9DEAE8C91B63ED4B00D4F6BF /* DisplayName.swift */ = {isa = PBXFileReference; fileEncoding = 4; lastKnownFileType = sourcecode.swift; name = DisplayName.swift; path = Model/DisplayName.swift; sourceTree = "<group>"; };
		9DEAE8CB1B640C5A00D4F6BF /* CharacterTrait.swift */ = {isa = PBXFileReference; fileEncoding = 4; lastKnownFileType = sourcecode.swift; name = CharacterTrait.swift; path = Model/CharacterTrait.swift; sourceTree = "<group>"; };
		9DEAE8CD1B6415EF00D4F6BF /* HideableProperty.swift */ = {isa = PBXFileReference; fileEncoding = 4; lastKnownFileType = sourcecode.swift; name = HideableProperty.swift; path = Model/HideableProperty.swift; sourceTree = "<group>"; };
/* End PBXFileReference section */

/* Begin PBXFrameworksBuildPhase section */
		9DA0F7B21B5C3AB800F3BA87 /* Frameworks */ = {
			isa = PBXFrameworksBuildPhase;
			buildActionMask = 2147483647;
			files = (
			);
			runOnlyForDeploymentPostprocessing = 0;
		};
		9DA0F7C91B5C3AB900F3BA87 /* Frameworks */ = {
			isa = PBXFrameworksBuildPhase;
			buildActionMask = 2147483647;
			files = (
			);
			runOnlyForDeploymentPostprocessing = 0;
		};
/* End PBXFrameworksBuildPhase section */

/* Begin PBXGroup section */
		9D08E2D41C402FD30045388A /* Common */ = {
			isa = PBXGroup;
			children = (
				9D08E2D71C4030B30045388A /* BasicDescription.storyboard */,
				9D08E2D91C4031050045388A /* BasicDescriptionViewController.swift */,
				9D2E7F2D1D02120700D5D957 /* PortraitImagePickerController.swift */,
			);
			name = Common;
			sourceTree = "<group>";
		};
		9D29231E1B91AB7A00B5B622 /* Controller */ = {
			isa = PBXGroup;
			children = (
				9DA0F7BA1B5C3AB800F3BA87 /* AppDelegate.swift */,
				9DAAC35B1BD6B7C50039611F /* RemotePeerManager.swift */,
				9DA039831C1B257C003D1624 /* WalletController.swift */,
				9D6431111D5FB47200D81CB7 /* InAppPurchaseController.swift */,
				9DA93EE41D5D501100607D9B /* SessionHandlers.swift */,
			);
			name = Controller;
			sourceTree = "<group>";
		};
		9D29231F1B91AB9A00B5B622 /* Main Storyboard */ = {
			isa = PBXGroup;
			children = (
				9DA0F7C01B5C3AB800F3BA87 /* Main.storyboard */,
				9D8A593E1B92FA4900164C9F /* BrowseSettingsViewController.swift */,
				9D8A593C1B92F96E00164C9F /* BrowseViewController.swift */,
				9D8A592D1B92EC3F00164C9F /* CharacterTraitViewController.swift */,
				9D8A59401B92FABE00164C9F /* FilterViewController.swift */,
				9D8A592F1B92EC4500164C9F /* MeViewController.swift */,
				9D8A59461B92FED800164C9F /* PersonDetailViewController.swift */,
				9D8A594A1B93043000164C9F /* PinsViewController.swift */,
				9D8A59421B92FB5200164C9F /* SingleSelViewController.swift */,
				9DA039811C1B21EE003D1624 /* ShopViewController.swift */,
				9D680DC01C3ACD8A009D34D9 /* DateSelViewController.swift */,
				9DDBD4C71D7BC681008B0CFC /* BeaconViewController.swift */,
			);
			name = "Main Storyboard";
			path = Peeree;
			sourceTree = "<group>";
		};
		9D6F7B901BC82A70007CD234 /* View */ = {
			isa = PBXGroup;
			children = (
				9D8A594C1B9395F500164C9F /* BasicInfoViewContoller.swift */,
				9D6F7B931BC82AD5007CD234 /* RootView.swift */,
				9DD049441C5FC80800A91C71 /* CircleMaskView.swift */,
				9DA0F7C51B5C3AB800F3BA87 /* LaunchScreen.xib */,
			);
			name = View;
			sourceTree = "<group>";
		};
		9D883A481C26B56400702F9A /* Helpers */ = {
			isa = PBXGroup;
			children = (
				9D0CDD4C1D557F6C004EB3FB /* PeereeExtensions.swift */,
				9DD049471C5FD53C00A91C71 /* Mocks */,
				9D883A491C26B5A200702F9A /* GenericFunctions.swift */,
			);
			name = Helpers;
			path = ..;
			sourceTree = "<group>";
		};
		9D8A59291B92EB7800164C9F /* Storyboards */ = {
			isa = PBXGroup;
			children = (
				9D08E2D41C402FD30045388A /* Common */,
				9D8A592A1B92EB8300164C9F /* Onboarding Sequence */,
				9D29231F1B91AB9A00B5B622 /* Main Storyboard */,
			);
			name = Storyboards;
			path = ..;
			sourceTree = "<group>";
		};
		9D8A592A1B92EB8300164C9F /* Onboarding Sequence */ = {
			isa = PBXGroup;
			children = (
				9D33E8F21D418839001CECAB /* FirstLaunch.storyboard */,
				9D2923241B91D05F00B5B622 /* FirstLaunchViewController.swift */,
				9D2923261B91E50B00B5B622 /* SetupViewController.swift */,
				9DDDE1DE1BCC122E006E6DEA /* WelcomeViewController.swift */,
				9DCB2F391D81F9170087CACB /* OnboardingDescriptionViewController.swift */,
			);
			name = "Onboarding Sequence";
			sourceTree = "<group>";
		};
		9DA0F7AC1B5C3AB800F3BA87 = {
			isa = PBXGroup;
			children = (
				9DA0F7B71B5C3AB800F3BA87 /* Peeree */,
				9DA0F7CF1B5C3AB900F3BA87 /* PeereeTests */,
				9DA0F7B61B5C3AB800F3BA87 /* Products */,
			);
			sourceTree = "<group>";
		};
		9DA0F7B61B5C3AB800F3BA87 /* Products */ = {
			isa = PBXGroup;
			children = (
				9DA0F7B51B5C3AB800F3BA87 /* Peeree.app */,
				9DA0F7CC1B5C3AB900F3BA87 /* PeereeTests.xctest */,
			);
			name = Products;
			sourceTree = "<group>";
		};
		9DA0F7B71B5C3AB800F3BA87 /* Peeree */ = {
			isa = PBXGroup;
			children = (
				9D883A481C26B56400702F9A /* Helpers */,
				9D8A59291B92EB7800164C9F /* Storyboards */,
				9D29231E1B91AB7A00B5B622 /* Controller */,
				9DEAE8C81B63ED3700D4F6BF /* Model */,
				9D6F7B901BC82A70007CD234 /* View */,
				9DA0F7B81B5C3AB800F3BA87 /* Supporting Files */,
			);
			path = Peeree;
			sourceTree = "<group>";
		};
		9DA0F7B81B5C3AB800F3BA87 /* Supporting Files */ = {
			isa = PBXGroup;
			children = (
				9DDA3A4E1D77B6C600C2ADC8 /* InfoPlist */,
				9DE965D91D69FC4200D5155B /* Frameworks */,
				9D41E11D1D5E903A0042FB63 /* Localizable.strings */,
				9DA0F7C31B5C3AB800F3BA87 /* Images.xcassets */,
				9D3839571D2B122C00028DC2 /* SampleAssets.xcassets */,
				9D6431141D5FB5E400D81CB7 /* product_ids.plist */,
			);
			name = "Supporting Files";
			sourceTree = "<group>";
		};
		9DA0F7CF1B5C3AB900F3BA87 /* PeereeTests */ = {
			isa = PBXGroup;
			children = (
				9DA0F7D21B5C3AB900F3BA87 /* PeereeTests.swift */,
				9DCFFD881C1DC3D4004687FB /* RemotePeerManagerTests.swift */,
				9DA0F7D01B5C3AB900F3BA87 /* Supporting Files */,
			);
			path = PeereeTests;
			sourceTree = "<group>";
		};
		9DA0F7D01B5C3AB900F3BA87 /* Supporting Files */ = {
			isa = PBXGroup;
			children = (
				9DA0F7D11B5C3AB900F3BA87 /* Info.plist */,
			);
			name = "Supporting Files";
			sourceTree = "<group>";
		};
		9DD049471C5FD53C00A91C71 /* Mocks */ = {
			isa = PBXGroup;
			children = (
				9DD049481C5FD57F00A91C71 /* MCNearbyServiceBrowserMock.swift */,
				9D726FE01C6509EE007F3C14 /* MCSessionMock.swift */,
			);
			name = Mocks;
			path = Peeree;
			sourceTree = "<group>";
		};
		9DDA3A4E1D77B6C600C2ADC8 /* InfoPlist */ = {
			isa = PBXGroup;
			children = (
				9DA0F7B91B5C3AB800F3BA87 /* Info.plist */,
				9DDA3A4F1D77B6EA00C2ADC8 /* InfoPlist.strings */,
			);
			name = InfoPlist;
			sourceTree = "<group>";
		};
		9DE965D91D69FC4200D5155B /* Frameworks */ = {
			isa = PBXGroup;
			children = (
				9D9CA0E21CF7399900C2885D /* CoreFoundation.framework */,
			);
			name = Frameworks;
			sourceTree = "<group>";
		};
		9DEAE8C81B63ED3700D4F6BF /* Model */ = {
			isa = PBXGroup;
			children = (
				9D8A593A1B92F2B600164C9F /* PeerDescription.swift */,
				9DEAE8C91B63ED4B00D4F6BF /* DisplayName.swift */,
				9DEAE8CB1B640C5A00D4F6BF /* CharacterTrait.swift */,
				9DEAE8CD1B6415EF00D4F6BF /* HideableProperty.swift */,
				9DDE47C61BA59C5D00DB6EEE /* BrowseFilterSettings.swift */,
				9D49DB291BEA92E100F9583E /* PeereePurchasement.swift */,
			);
			name = Model;
			sourceTree = "<group>";
		};
/* End PBXGroup section */

/* Begin PBXNativeTarget section */
		9DA0F7B41B5C3AB800F3BA87 /* Peeree */ = {
			isa = PBXNativeTarget;
			buildConfigurationList = 9DA0F7D61B5C3AB900F3BA87 /* Build configuration list for PBXNativeTarget "Peeree" */;
			buildPhases = (
				9DA0F7B11B5C3AB800F3BA87 /* Sources */,
				9DA0F7B21B5C3AB800F3BA87 /* Frameworks */,
				9DA0F7B31B5C3AB800F3BA87 /* Resources */,
			);
			buildRules = (
			);
			dependencies = (
			);
			name = Peeree;
			productName = Peeree;
			productReference = 9DA0F7B51B5C3AB800F3BA87 /* Peeree.app */;
			productType = "com.apple.product-type.application";
		};
		9DA0F7CB1B5C3AB900F3BA87 /* PeereeTests */ = {
			isa = PBXNativeTarget;
			buildConfigurationList = 9DA0F7D91B5C3AB900F3BA87 /* Build configuration list for PBXNativeTarget "PeereeTests" */;
			buildPhases = (
				9DA0F7C81B5C3AB900F3BA87 /* Sources */,
				9DA0F7C91B5C3AB900F3BA87 /* Frameworks */,
				9DA0F7CA1B5C3AB900F3BA87 /* Resources */,
			);
			buildRules = (
			);
			dependencies = (
				9DA0F7CE1B5C3AB900F3BA87 /* PBXTargetDependency */,
			);
			name = PeereeTests;
			productName = PeereeTests;
			productReference = 9DA0F7CC1B5C3AB900F3BA87 /* PeereeTests.xctest */;
			productType = "com.apple.product-type.bundle.unit-test";
		};
/* End PBXNativeTarget section */

/* Begin PBXProject section */
		9DA0F7AD1B5C3AB800F3BA87 /* Project object */ = {
			isa = PBXProject;
			attributes = {
				LastSwiftMigration = 0700;
				LastSwiftUpdateCheck = 0700;
				LastUpgradeCheck = 0700;
				ORGANIZATIONNAME = Kobusch;
				TargetAttributes = {
					9DA0F7B41B5C3AB800F3BA87 = {
						CreatedOnToolsVersion = 6.3.2;
						DevelopmentTeam = 86J6LQ96WM;
						SystemCapabilities = {
							com.apple.BackgroundModes = {
								enabled = 0;
							};
						};
					};
					9DA0F7CB1B5C3AB900F3BA87 = {
						CreatedOnToolsVersion = 6.3.2;
						TestTargetID = 9DA0F7B41B5C3AB800F3BA87;
					};
				};
			};
			buildConfigurationList = 9DA0F7B01B5C3AB800F3BA87 /* Build configuration list for PBXProject "Peeree" */;
			compatibilityVersion = "Xcode 3.2";
			developmentRegion = English;
			hasScannedForEncodings = 0;
			knownRegions = (
				Base,
				en,
			);
			mainGroup = 9DA0F7AC1B5C3AB800F3BA87;
			productRefGroup = 9DA0F7B61B5C3AB800F3BA87 /* Products */;
			projectDirPath = "";
			projectRoot = "";
			targets = (
				9DA0F7B41B5C3AB800F3BA87 /* Peeree */,
				9DA0F7CB1B5C3AB900F3BA87 /* PeereeTests */,
			);
		};
/* End PBXProject section */

/* Begin PBXResourcesBuildPhase section */
		9DA0F7B31B5C3AB800F3BA87 /* Resources */ = {
			isa = PBXResourcesBuildPhase;
			buildActionMask = 2147483647;
			files = (
				9D3839581D2B122C00028DC2 /* SampleAssets.xcassets in Resources */,
				9D8A59371B92F18200164C9F /* LaunchScreen.xib in Resources */,
				9D8A59361B92F17E00164C9F /* Main.storyboard in Resources */,
				9D6431151D5FB5E400D81CB7 /* product_ids.plist in Resources */,
				9D41E11E1D5E903A0042FB63 /* Localizable.strings in Resources */,
				9D08E2D81C4030B30045388A /* BasicDescription.storyboard in Resources */,
				9D33E8F01D418839001CECAB /* FirstLaunch.storyboard in Resources */,
				9DDA3A511D77B6EA00C2ADC8 /* InfoPlist.strings in Resources */,
				9DA0F7C41B5C3AB800F3BA87 /* Images.xcassets in Resources */,
			);
			runOnlyForDeploymentPostprocessing = 0;
		};
		9DA0F7CA1B5C3AB900F3BA87 /* Resources */ = {
			isa = PBXResourcesBuildPhase;
			buildActionMask = 2147483647;
			files = (
				9D6431161D5FB5E400D81CB7 /* product_ids.plist in Resources */,
				9DDA3A521D77B6EA00C2ADC8 /* InfoPlist.strings in Resources */,
			);
			runOnlyForDeploymentPostprocessing = 0;
		};
/* End PBXResourcesBuildPhase section */

/* Begin PBXSourcesBuildPhase section */
		9DA0F7B11B5C3AB800F3BA87 /* Sources */ = {
			isa = PBXSourcesBuildPhase;
			buildActionMask = 2147483647;
			files = (
				9D883A4A1C26B5A200702F9A /* GenericFunctions.swift in Sources */,
				9DCB2F3A1D81F9170087CACB /* OnboardingDescriptionViewController.swift in Sources */,
				9D6F7B941BC82AD5007CD234 /* RootView.swift in Sources */,
				9D8A59411B92FABE00164C9F /* FilterViewController.swift in Sources */,
				9D2923251B91D05F00B5B622 /* FirstLaunchViewController.swift in Sources */,
				9D8A593B1B92F2B600164C9F /* PeerDescription.swift in Sources */,
				9DA93EE51D5D501100607D9B /* SessionHandlers.swift in Sources */,
				9D2923271B91E50B00B5B622 /* SetupViewController.swift in Sources */,
				9DEAE8CA1B63ED4B00D4F6BF /* DisplayName.swift in Sources */,
				9DDDE1DF1BCC122E006E6DEA /* WelcomeViewController.swift in Sources */,
				9D8A594B1B93043000164C9F /* PinsViewController.swift in Sources */,
				9DDBD4C81D7BC681008B0CFC /* BeaconViewController.swift in Sources */,
				9DEAE8CC1B640C5A00D4F6BF /* CharacterTrait.swift in Sources */,
				9D8A593D1B92F96E00164C9F /* BrowseViewController.swift in Sources */,
				9DD049491C5FD57F00A91C71 /* MCNearbyServiceBrowserMock.swift in Sources */,
				9D2E7F2E1D02120700D5D957 /* PortraitImagePickerController.swift in Sources */,
				9D680DC11C3ACD8A009D34D9 /* DateSelViewController.swift in Sources */,
				9D8A592E1B92EC3F00164C9F /* CharacterTraitViewController.swift in Sources */,
				9D726FE11C6509EE007F3C14 /* MCSessionMock.swift in Sources */,
				9D0CDD4D1D557F6C004EB3FB /* PeereeExtensions.swift in Sources */,
				9DDE47C71BA59C5D00DB6EEE /* BrowseFilterSettings.swift in Sources */,
				9DA0F7BB1B5C3AB800F3BA87 /* AppDelegate.swift in Sources */,
				9DA039841C1B257C003D1624 /* WalletController.swift in Sources */,
				9D8A59301B92EC4500164C9F /* MeViewController.swift in Sources */,
				9DAAC35C1BD6B7C50039611F /* RemotePeerManager.swift in Sources */,
				9DA039821C1B21EE003D1624 /* ShopViewController.swift in Sources */,
				9D08E2DA1C4031050045388A /* BasicDescriptionViewController.swift in Sources */,
				9D8A59471B92FED800164C9F /* PersonDetailViewController.swift in Sources */,
				9D6431121D5FB47200D81CB7 /* InAppPurchaseController.swift in Sources */,
				9D8A593F1B92FA4900164C9F /* BrowseSettingsViewController.swift in Sources */,
				9D8A59431B92FB5200164C9F /* SingleSelViewController.swift in Sources */,
				9D8A594D1B9395F500164C9F /* BasicInfoViewContoller.swift in Sources */,
				9DEAE8CE1B6415EF00D4F6BF /* HideableProperty.swift in Sources */,
				9DD049451C5FC80800A91C71 /* CircleMaskView.swift in Sources */,
			);
			runOnlyForDeploymentPostprocessing = 0;
		};
		9DA0F7C81B5C3AB900F3BA87 /* Sources */ = {
			isa = PBXSourcesBuildPhase;
			buildActionMask = 2147483647;
			files = (
				9DDBD4C91D7BC681008B0CFC /* BeaconViewController.swift in Sources */,
				9D726FE21C6509EE007F3C14 /* MCSessionMock.swift in Sources */,
				9DDD0D461C24BBA9009A518F /* BrowseFilterSettings.swift in Sources */,
				9D6431131D5FB47200D81CB7 /* InAppPurchaseController.swift in Sources */,
				9DDD0D421C24BBA9009A518F /* PeerDescription.swift in Sources */,
				9DDD0D351C24BBA1009A518F /* MeViewController.swift in Sources */,
				9DD049461C5FC80800A91C71 /* CircleMaskView.swift in Sources */,
				9DDD0D321C24BBA1009A518F /* BrowseViewController.swift in Sources */,
				9DDD0D371C24BBA1009A518F /* PersonDetailViewController.swift in Sources */,
				9DDD0D381C24BBA1009A518F /* PinsViewController.swift in Sources */,
				9DA93EE61D5D62E600607D9B /* SessionHandlers.swift in Sources */,
				9D680DC21C3ACD8A009D34D9 /* DateSelViewController.swift in Sources */,
				9DDD0D401C24BBA5009A518F /* RemotePeerManager.swift in Sources */,
				9DD0494A1C5FD57F00A91C71 /* MCNearbyServiceBrowserMock.swift in Sources */,
				9DDD0D4A1C24BBAF009A518F /* AppDelegate.swift in Sources */,
				9DA0F7D31B5C3AB900F3BA87 /* PeereeTests.swift in Sources */,
				9DDD0D431C24BBA9009A518F /* DisplayName.swift in Sources */,
				9DDD0D481C24BBAF009A518F /* BasicInfoViewContoller.swift in Sources */,
				9DDD0D341C24BBA1009A518F /* FilterViewController.swift in Sources */,
				9D883A4B1C26B64A00702F9A /* GenericFunctions.swift in Sources */,
				9DDD0D411C24BBA5009A518F /* WalletController.swift in Sources */,
				9DDD0D441C24BBA9009A518F /* CharacterTrait.swift in Sources */,
				9DDD0D451C24BBA9009A518F /* HideableProperty.swift in Sources */,
				9DCB2F3B1D81F9170087CACB /* OnboardingDescriptionViewController.swift in Sources */,
				9DDD0D311C24BBA1009A518F /* BrowseSettingsViewController.swift in Sources */,
				9DDD0D331C24BBA1009A518F /* CharacterTraitViewController.swift in Sources */,
				9DDD0D391C24BBA1009A518F /* SingleSelViewController.swift in Sources */,
				9D0CDD4E1D557F6C004EB3FB /* PeereeExtensions.swift in Sources */,
				9DDD0D3A1C24BBA1009A518F /* ShopViewController.swift in Sources */,
				9DDD0D491C24BBAF009A518F /* RootView.swift in Sources */,
				9D08E2DB1C40325E0045388A /* BasicDescriptionViewController.swift in Sources */,
				9D2E7F2F1D02120700D5D957 /* PortraitImagePickerController.swift in Sources */,
			);
			runOnlyForDeploymentPostprocessing = 0;
		};
/* End PBXSourcesBuildPhase section */

/* Begin PBXTargetDependency section */
		9DA0F7CE1B5C3AB900F3BA87 /* PBXTargetDependency */ = {
			isa = PBXTargetDependency;
			target = 9DA0F7B41B5C3AB800F3BA87 /* Peeree */;
			targetProxy = 9DA0F7CD1B5C3AB900F3BA87 /* PBXContainerItemProxy */;
		};
/* End PBXTargetDependency section */

/* Begin PBXVariantGroup section */
		9D33E8F21D418839001CECAB /* FirstLaunch.storyboard */ = {
			isa = PBXVariantGroup;
			children = (
				9D33E8F11D418839001CECAB /* Base */,
				9D482D8F1D5E925C00B5022A /* en */,
			);
			name = FirstLaunch.storyboard;
			path = "Peeree/Storyboards/Onboarding Sequence";
			sourceTree = "<group>";
		};
		9DA0F7C01B5C3AB800F3BA87 /* Main.storyboard */ = {
			isa = PBXVariantGroup;
			children = (
				9DA0F7C11B5C3AB800F3BA87 /* Base */,
				9D482D941D5ED2ED00B5022A /* en */,
			);
			name = Main.storyboard;
			sourceTree = "<group>";
		};
		9DA0F7C51B5C3AB800F3BA87 /* LaunchScreen.xib */ = {
			isa = PBXVariantGroup;
			children = (
				9DA0F7C61B5C3AB800F3BA87 /* Base */,
				9D482D911D5E925C00B5022A /* en */,
			);
			name = LaunchScreen.xib;
			sourceTree = "<group>";
		};
		9DDA3A4F1D77B6EA00C2ADC8 /* InfoPlist.strings */ = {
			isa = PBXVariantGroup;
			children = (
				9DDA3A501D77B6EA00C2ADC8 /* en */,
			);
			name = InfoPlist.strings;
			sourceTree = "<group>";
		};
/* End PBXVariantGroup section */

/* Begin XCBuildConfiguration section */
		9DA0F7D41B5C3AB900F3BA87 /* Debug */ = {
			isa = XCBuildConfiguration;
			buildSettings = {
				ALWAYS_SEARCH_USER_PATHS = NO;
				CLANG_CXX_LANGUAGE_STANDARD = "gnu++0x";
				CLANG_CXX_LIBRARY = "libc++";
				CLANG_ENABLE_MODULES = YES;
				CLANG_ENABLE_OBJC_ARC = YES;
				CLANG_WARN_BOOL_CONVERSION = YES;
				CLANG_WARN_CONSTANT_CONVERSION = YES;
				CLANG_WARN_DIRECT_OBJC_ISA_USAGE = YES_ERROR;
				CLANG_WARN_EMPTY_BODY = YES;
				CLANG_WARN_ENUM_CONVERSION = YES;
				CLANG_WARN_INT_CONVERSION = YES;
				CLANG_WARN_OBJC_ROOT_CLASS = YES_ERROR;
				CLANG_WARN_UNREACHABLE_CODE = YES;
				CLANG_WARN__DUPLICATE_METHOD_MATCH = YES;
				"CODE_SIGN_IDENTITY[sdk=iphoneos*]" = "iPhone Developer";
				COPY_PHASE_STRIP = NO;
				DEBUG_INFORMATION_FORMAT = "dwarf-with-dsym";
				ENABLE_STRICT_OBJC_MSGSEND = YES;
				ENABLE_TESTABILITY = YES;
				GCC_C_LANGUAGE_STANDARD = gnu99;
				GCC_DYNAMIC_NO_PIC = NO;
				GCC_NO_COMMON_BLOCKS = YES;
				GCC_OPTIMIZATION_LEVEL = 0;
				GCC_PREPROCESSOR_DEFINITIONS = (
					"DEBUG=1",
					"$(inherited)",
				);
				GCC_SYMBOLS_PRIVATE_EXTERN = NO;
				GCC_WARN_64_TO_32_BIT_CONVERSION = YES;
				GCC_WARN_ABOUT_RETURN_TYPE = YES_ERROR;
				GCC_WARN_UNDECLARED_SELECTOR = YES;
				GCC_WARN_UNINITIALIZED_AUTOS = YES_AGGRESSIVE;
				GCC_WARN_UNUSED_FUNCTION = YES;
				GCC_WARN_UNUSED_VARIABLE = YES;
				IPHONEOS_DEPLOYMENT_TARGET = 9.2;
				MTL_ENABLE_DEBUG_INFO = YES;
				ONLY_ACTIVE_ARCH = YES;
				SDKROOT = iphoneos;
				SWIFT_OPTIMIZATION_LEVEL = "-Onone";
			};
			name = Debug;
		};
		9DA0F7D51B5C3AB900F3BA87 /* Release */ = {
			isa = XCBuildConfiguration;
			buildSettings = {
				ALWAYS_SEARCH_USER_PATHS = NO;
				CLANG_CXX_LANGUAGE_STANDARD = "gnu++0x";
				CLANG_CXX_LIBRARY = "libc++";
				CLANG_ENABLE_MODULES = YES;
				CLANG_ENABLE_OBJC_ARC = YES;
				CLANG_WARN_BOOL_CONVERSION = YES;
				CLANG_WARN_CONSTANT_CONVERSION = YES;
				CLANG_WARN_DIRECT_OBJC_ISA_USAGE = YES_ERROR;
				CLANG_WARN_EMPTY_BODY = YES;
				CLANG_WARN_ENUM_CONVERSION = YES;
				CLANG_WARN_INT_CONVERSION = YES;
				CLANG_WARN_OBJC_ROOT_CLASS = YES_ERROR;
				CLANG_WARN_UNREACHABLE_CODE = YES;
				CLANG_WARN__DUPLICATE_METHOD_MATCH = YES;
				"CODE_SIGN_IDENTITY[sdk=iphoneos*]" = "iPhone Developer";
				COPY_PHASE_STRIP = NO;
				DEBUG_INFORMATION_FORMAT = "dwarf-with-dsym";
				ENABLE_NS_ASSERTIONS = NO;
				ENABLE_STRICT_OBJC_MSGSEND = YES;
				GCC_C_LANGUAGE_STANDARD = gnu99;
				GCC_NO_COMMON_BLOCKS = YES;
				GCC_WARN_64_TO_32_BIT_CONVERSION = YES;
				GCC_WARN_ABOUT_RETURN_TYPE = YES_ERROR;
				GCC_WARN_UNDECLARED_SELECTOR = YES;
				GCC_WARN_UNINITIALIZED_AUTOS = YES_AGGRESSIVE;
				GCC_WARN_UNUSED_FUNCTION = YES;
				GCC_WARN_UNUSED_VARIABLE = YES;
				IPHONEOS_DEPLOYMENT_TARGET = 9.2;
				MTL_ENABLE_DEBUG_INFO = NO;
				SDKROOT = iphoneos;
				VALIDATE_PRODUCT = YES;
			};
			name = Release;
		};
		9DA0F7D71B5C3AB900F3BA87 /* Debug */ = {
			isa = XCBuildConfiguration;
			buildSettings = {
				ASSETCATALOG_COMPILER_APPICON_NAME = AppIcon;
				ASSETCATALOG_COMPILER_OPTIMIZATION = time;
				CLANG_ANALYZER_LOCALIZABILITY_EMPTY_CONTEXT = NO;
				CLANG_ANALYZER_LOCALIZABILITY_NONLOCALIZED = NO;
				CLANG_ANALYZER_NONNULL = YES;
				CLANG_ANALYZER_SECURITY_FLOATLOOPCOUNTER = YES;
				CLANG_ANALYZER_SECURITY_INSECUREAPI_RAND = YES;
				CLANG_ANALYZER_SECURITY_INSECUREAPI_STRCPY = YES;
				CODE_SIGN_IDENTITY = "iPhone Developer";
				"CODE_SIGN_IDENTITY[sdk=iphoneos*]" = "iPhone Developer";
				INFOPLIST_FILE = Peeree/Info.plist;
				LD_RUNPATH_SEARCH_PATHS = "$(inherited) @executable_path/Frameworks";
				OTHER_SWIFT_FLAGS = "-D OFFLINE";
				PRODUCT_BUNDLE_IDENTIFIER = "Kobusch.$(PRODUCT_NAME:rfc1034identifier)";
				PRODUCT_NAME = "$(TARGET_NAME)";
				PROVISIONING_PROFILE = "";
			};
			name = Debug;
		};
		9DA0F7D81B5C3AB900F3BA87 /* Release */ = {
			isa = XCBuildConfiguration;
			buildSettings = {
				ASSETCATALOG_COMPILER_APPICON_NAME = AppIcon;
				ASSETCATALOG_COMPILER_OPTIMIZATION = "";
				CLANG_ANALYZER_LOCALIZABILITY_EMPTY_CONTEXT = NO;
				CLANG_ANALYZER_LOCALIZABILITY_NONLOCALIZED = NO;
				CLANG_ANALYZER_NONNULL = YES;
				CLANG_ANALYZER_SECURITY_FLOATLOOPCOUNTER = YES;
				CLANG_ANALYZER_SECURITY_INSECUREAPI_RAND = YES;
				CLANG_ANALYZER_SECURITY_INSECUREAPI_STRCPY = YES;
				CODE_SIGN_IDENTITY = "iPhone Developer";
				"CODE_SIGN_IDENTITY[sdk=iphoneos*]" = "iPhone Developer";
				GCC_OPTIMIZATION_LEVEL = fast;
				INFOPLIST_FILE = Peeree/Info.plist;
				LD_RUNPATH_SEARCH_PATHS = "$(inherited) @executable_path/Frameworks";
				OTHER_SWIFT_FLAGS = "";
				PRODUCT_BUNDLE_IDENTIFIER = "Kobusch.$(PRODUCT_NAME:rfc1034identifier)";
				PRODUCT_NAME = "$(TARGET_NAME)";
				PROVISIONING_PROFILE = "";
				SWIFT_OPTIMIZATION_LEVEL = "-Owholemodule";
			};
			name = Release;
		};
		9DA0F7DA1B5C3AB900F3BA87 /* Debug */ = {
			isa = XCBuildConfiguration;
			buildSettings = {
				BUNDLE_LOADER = "$(TEST_HOST)";
				FRAMEWORK_SEARCH_PATHS = (
					"$(SDKROOT)/Developer/Library/Frameworks",
					"$(inherited)",
				);
				GCC_PREPROCESSOR_DEFINITIONS = (
					"DEBUG=1",
					"$(inherited)",
				);
				INFOPLIST_FILE = PeereeTests/Info.plist;
				LD_RUNPATH_SEARCH_PATHS = "$(inherited) @executable_path/Frameworks @loader_path/Frameworks";
				PRODUCT_BUNDLE_IDENTIFIER = "Kobusch.$(PRODUCT_NAME:rfc1034identifier)";
				PRODUCT_NAME = "$(TARGET_NAME)";
				TEST_HOST = "$(BUILT_PRODUCTS_DIR)/Peeree.app/Peeree";
			};
			name = Debug;
		};
		9DA0F7DB1B5C3AB900F3BA87 /* Release */ = {
			isa = XCBuildConfiguration;
			buildSettings = {
				BUNDLE_LOADER = "$(TEST_HOST)";
				FRAMEWORK_SEARCH_PATHS = (
					"$(SDKROOT)/Developer/Library/Frameworks",
					"$(inherited)",
				);
				INFOPLIST_FILE = PeereeTests/Info.plist;
				LD_RUNPATH_SEARCH_PATHS = "$(inherited) @executable_path/Frameworks @loader_path/Frameworks";
				PRODUCT_BUNDLE_IDENTIFIER = "Kobusch.$(PRODUCT_NAME:rfc1034identifier)";
				PRODUCT_NAME = "$(TARGET_NAME)";
				TEST_HOST = "$(BUILT_PRODUCTS_DIR)/Peeree.app/Peeree";
			};
			name = Release;
		};
/* End XCBuildConfiguration section */

/* Begin XCConfigurationList section */
		9DA0F7B01B5C3AB800F3BA87 /* Build configuration list for PBXProject "Peeree" */ = {
			isa = XCConfigurationList;
			buildConfigurations = (
				9DA0F7D41B5C3AB900F3BA87 /* Debug */,
				9DA0F7D51B5C3AB900F3BA87 /* Release */,
			);
			defaultConfigurationIsVisible = 0;
			defaultConfigurationName = Release;
		};
		9DA0F7D61B5C3AB900F3BA87 /* Build configuration list for PBXNativeTarget "Peeree" */ = {
			isa = XCConfigurationList;
			buildConfigurations = (
				9DA0F7D71B5C3AB900F3BA87 /* Debug */,
				9DA0F7D81B5C3AB900F3BA87 /* Release */,
			);
			defaultConfigurationIsVisible = 0;
			defaultConfigurationName = Release;
		};
		9DA0F7D91B5C3AB900F3BA87 /* Build configuration list for PBXNativeTarget "PeereeTests" */ = {
			isa = XCConfigurationList;
			buildConfigurations = (
				9DA0F7DA1B5C3AB900F3BA87 /* Debug */,
				9DA0F7DB1B5C3AB900F3BA87 /* Release */,
			);
			defaultConfigurationIsVisible = 0;
			defaultConfigurationName = Release;
		};
/* End XCConfigurationList section */
	};
	rootObject = 9DA0F7AD1B5C3AB800F3BA87 /* Project object */;
}
