{
  "originHash" : "b6154c2699321801871b86610f5a6880659043e3c2cbd8494018af808565de3b",
  "pins" : [
    {
      "identity" : "bleperipheraloperations",
      "kind" : "remoteSourceControl",
      "location" : "https://codeberg.org/Topheee/BLEPeripheralOperations.git",
      "state" : {
        "revision" : "b55b02d591df292519c54fb930b7a017ab9e12e2",
        "version" : "2.1.2"
      }
    },
    {
      "identity" : "csprogress",
      "kind" : "remoteSourceControl",
      "location" : "https://github.com/CharlesJS/CSProgress.git",
      "state" : {
        "revision" : "7d49a5a05e8421db18db4bfb7f6fe4ff6853b4b3",
        "version" : "1.1.2"
      }
    },
    {
      "identity" : "jwt-kit",
      "kind" : "remoteSourceControl",
      "location" : "https://github.com/vapor/jwt-kit.git",
      "state" : {
        "revision" : "03f5013f0b547ce43abe45e7e90711303a3e5495",
        "version" : "5.1.2"
      }
    },
    {
      "identity" : "keychainwrapper",
      "kind" : "remoteSourceControl",
      "location" : "https://github.com/Topheee/KeychainWrapper",
      "state" : {
        "revision" : "11d0fcf5ec5559edd88534b13262cecc1d332e68",
        "version" : "3.0.1"
      }
    },
    {
      "identity" : "keyvaluetree",
      "kind" : "remoteSourceControl",
      "location" : "https://codeberg.org/Topheee/KeyValueTree.git",
      "state" : {
        "revision" : "90737e857feda7dddaf0b8f21da0961cecda4e54",
        "version" : "1.0.1"
      }
    },
    {
      "identity" : "keyvaluetreecoding",
      "kind" : "remoteSourceControl",
      "location" : "https://codeberg.org/Topheee/KeyValueTreeCoding.git",
      "state" : {
        "revision" : "4f339469b72c2f8e9ad4a96cc227882da0012861",
        "version" : "1.0.1"
      }
    },
    {
      "identity" : "matrixsdk",
      "kind" : "remoteSourceControl",
      "location" : "https://github.com/PeereeApp/MatrixSDK",
      "state" : {
        "revision" : "0c02fd0f5d46a6e238f0d74e6ea486c8a39e0c2a",
        "version" : "0.27.6"
      }
    },
    {
      "identity" : "openapikit",
      "kind" : "remoteSourceControl",
      "location" : "https://github.com/mattpolzin/OpenAPIKit",
      "state" : {
        "revision" : "a75aa4166d916f1cb4a192e928a18f7b6d3516bc",
        "version" : "3.5.2"
      }
    },
    {
      "identity" : "swift-algorithms",
      "kind" : "remoteSourceControl",
      "location" : "https://github.com/apple/swift-algorithms",
      "state" : {
        "revision" : "87e50f483c54e6efd60e885f7f5aa946cee68023",
        "version" : "1.2.1"
      }
    },
    {
      "identity" : "swift-argument-parser",
      "kind" : "remoteSourceControl",
      "location" : "https://github.com/apple/swift-argument-parser",
      "state" : {
        "revision" : "41982a3656a71c768319979febd796c6fd111d5c",
        "version" : "1.5.0"
      }
    },
    {
      "identity" : "swift-asn1",
      "kind" : "remoteSourceControl",
      "location" : "https://github.com/apple/swift-asn1.git",
      "state" : {
        "revision" : "a54383ada6cecde007d374f58f864e29370ba5c3",
        "version" : "1.3.2"
      }
    },
    {
      "identity" : "swift-certificates",
      "kind" : "remoteSourceControl",
      "location" : "https://github.com/apple/swift-certificates.git",
      "state" : {
        "revision" : "999fd70c7803da89f3904d635a6815a2a7cd7585",
        "version" : "1.10.0"
      }
    },
    {
      "identity" : "swift-collections",
      "kind" : "remoteSourceControl",
      "location" : "https://github.com/apple/swift-collections.git",
      "state" : {
        "revision" : "c1805596154bb3a265fd91b8ac0c4433b4348fb0",
        "version" : "1.2.0"
      }
    },
    {
      "identity" : "swift-crypto",
      "kind" : "remoteSourceControl",
      "location" : "https://github.com/apple/swift-crypto.git",
      "state" : {
        "revision" : "e8d6eba1fef23ae5b359c46b03f7d94be2f41fed",
        "version" : "3.12.3"
      }
    },
    {
      "identity" : "swift-http-types",
      "kind" : "remoteSourceControl",
      "location" : "https://github.com/apple/swift-http-types.git",
      "state" : {
        "revision" : "a0a57e949a8903563aba4615869310c0ebf14c03",
        "version" : "1.4.0"
      }
    },
    {
      "identity" : "swift-log",
      "kind" : "remoteSourceControl",
      "location" : "https://github.com/apple/swift-log.git",
      "state" : {
        "revision" : "3d8596ed08bd13520157f0355e35caed215ffbfa",
        "version" : "1.6.3"
      }
    },
    {
      "identity" : "swift-numerics",
      "kind" : "remoteSourceControl",
      "location" : "https://github.com/apple/swift-numerics.git",
      "state" : {
        "revision" : "e0ec0f5f3af6f3e4d5e7a19d2af26b481acb6ba8",
        "version" : "1.0.3"
      }
    },
    {
      "identity" : "swift-openapi-generator",
      "kind" : "remoteSourceControl",
      "location" : "https://github.com/apple/swift-openapi-generator",
      "state" : {
        "revision" : "02cab48b66b4b412013827c2938adaf0eb67dc8d",
        "version" : "1.7.2"
      }
    },
    {
      "identity" : "swift-openapi-runtime",
      "kind" : "remoteSourceControl",
      "location" : "https://github.com/apple/swift-openapi-runtime",
      "state" : {
        "revision" : "8f33cc5dfe81169fb167da73584b9c72c3e8bc23",
        "version" : "1.8.2"
      }
    },
    {
      "identity" : "swift-openapi-urlsession",
      "kind" : "remoteSourceControl",
      "location" : "https://github.com/apple/swift-openapi-urlsession",
      "state" : {
        "revision" : "6fac6f7c428d5feea2639b5f5c8b06ddfb79434b",
        "version" : "1.1.0"
      }
    },
    {
      "identity" : "yams",
      "kind" : "remoteSourceControl",
      "location" : "https://github.com/jpsim/Yams",
      "state" : {
        "revision" : "3d6871d5b4a5cd519adf233fbb576e0a2af71c17",
        "version" : "5.4.0"
      }
    }
  ],
  "version" : 3
}
